
Microsoft Visual Studio Solution File, Format Version 12.00
# Visual Studio 15
VisualStudioVersion = 15.0.26730.12
MinimumVisualStudioVersion = 10.0.40219.1
Project("{FAE04EC0-301F-11D3-BF4B-00C04F79EFBC}") = "CRUD-Dynamic-Entity", "CRUD-Dynamic-Entity\CRUD-Dynamic-Entity.csproj", "{06E79C5F-3024-400F-80D5-A1A493831CFE}"
EndProject
Global
	GlobalSection(SolutionConfigurationPlatforms) = preSolution
		Debug|Any CPU = Debug|Any CPU
		Release|Any CPU = Release|Any CPU
	EndGlobalSection
	GlobalSection(ProjectConfigurationPlatforms) = postSolution
		{06E79C5F-3024-400F-80D5-A1A493831CFE}.Debug|Any CPU.ActiveCfg = Debug|Any CPU
		{06E79C5F-3024-400F-80D5-A1A493831CFE}.Debug|Any CPU.Build.0 = Debug|Any CPU
		{06E79C5F-3024-400F-80D5-A1A493831CFE}.Release|Any CPU.ActiveCfg = Release|Any CPU
		{06E79C5F-3024-400F-80D5-A1A493831CFE}.Release|Any CPU.Build.0 = Release|Any CPU
	EndGlobalSection
	GlobalSection(SolutionProperties) = preSolution
		HideSolutionNode = FALSE
	EndGlobalSection
	GlobalSection(ExtensibilityGlobals) = postSolution
		SolutionGuid = {0EF236BE-4A0E-4D8C-9949-44FC32A87F06}
	EndGlobalSection
EndGlobal
