
Microsoft Visual Studio Solution File, Format Version 12.00
# Visual Studio Version 17
VisualStudioVersion = 17.3.32929.385
MinimumVisualStudioVersion = 10.0.40219.1
Project("{9A19103F-16F7-4668-BE54-9A1E7A4F7556}") = "SolutionAttributeExport", "SolutionAttributeExport\SolutionAttributeExport.csproj", "{A80B0EFF-D555-4933-AC35-B8139996A3BC}"
EndProject
Global
	GlobalSection(SolutionConfigurationPlatforms) = preSolution
		Debug|Any CPU = Debug|Any CPU
		Release|Any CPU = Release|Any CPU
	EndGlobalSection
	GlobalSection(ProjectConfigurationPlatforms) = postSolution
		{A80B0EFF-D555-4933-AC35-B8139996A3BC}.Debug|Any CPU.ActiveCfg = Debug|Any CPU
		{A80B0EFF-D555-4933-AC35-B8139996A3BC}.Debug|Any CPU.Build.0 = Debug|Any CPU
		{A80B0EFF-D555-4933-AC35-B8139996A3BC}.Release|Any CPU.ActiveCfg = Release|Any CPU
		{A80B0EFF-D555-4933-AC35-B8139996A3BC}.Release|Any CPU.Build.0 = Release|Any CPU
	EndGlobalSection
	GlobalSection(SolutionProperties) = preSolution
		HideSolutionNode = FALSE
	EndGlobalSection
	GlobalSection(ExtensibilityGlobals) = postSolution
		SolutionGuid = {78C891B0-2472-455E-9D83-8F40D6B9F8FB}
	EndGlobalSection
EndGlobal
