
Microsoft Visual Studio Solution File, Format Version 12.00
# Visual Studio Version 16
VisualStudioVersion = 16.0.29509.3
MinimumVisualStudioVersion = 10.0.40219.1
Project("{FAE04EC0-301F-11D3-BF4B-00C04F79EFBC}") = "SerializeDeserializeEntity", "SerializeDeserializeEntity\SerializeDeserializeEntity.csproj", "{ED247BDD-89A8-4588-B107-E5FD4A7A8BA5}"
EndProject
Global
	GlobalSection(SolutionConfigurationPlatforms) = preSolution
		Debug|Any CPU = Debug|Any CPU
		Release|Any CPU = Release|Any CPU
	EndGlobalSection
	GlobalSection(ProjectConfigurationPlatforms) = postSolution
		{ED247BDD-89A8-4588-B107-E5FD4A7A8BA5}.Debug|Any CPU.ActiveCfg = Debug|Any CPU
		{ED247BDD-89A8-4588-B107-E5FD4A7A8BA5}.Debug|Any CPU.Build.0 = Debug|Any CPU
		{ED247BDD-89A8-4588-B107-E5FD4A7A8BA5}.Release|Any CPU.ActiveCfg = Release|Any CPU
		{ED247BDD-89A8-4588-B107-E5FD4A7A8BA5}.Release|Any CPU.Build.0 = Release|Any CPU
	EndGlobalSection
	GlobalSection(SolutionProperties) = preSolution
		HideSolutionNode = FALSE
	EndGlobalSection
	GlobalSection(ExtensibilityGlobals) = postSolution
		SolutionGuid = {FC8EBB35-B1E4-42AD-BB00-00D47CA10783}
	EndGlobalSection
EndGlobal
