
Microsoft Visual Studio Solution File, Format Version 12.00
# Visual Studio Version 17
VisualStudioVersion = 17.3.32929.385
MinimumVisualStudioVersion = 10.0.40219.1
Project("{FAE04EC0-301F-11D3-BF4B-00C04F79EFBC}") = "FileOperations", "FileOperations.csproj", "{B3EF5E46-435C-4E83-84E5-5E29C37A83E5}"
EndProject
Global
	GlobalSection(SolutionConfigurationPlatforms) = preSolution
		Debug|Any CPU = Debug|Any CPU
		Release|Any CPU = Release|Any CPU
	EndGlobalSection
	GlobalSection(ProjectConfigurationPlatforms) = postSolution
		{B3EF5E46-435C-4E83-84E5-5E29C37A83E5}.Debug|Any CPU.ActiveCfg = Debug|Any CPU
		{B3EF5E46-435C-4E83-84E5-5E29C37A83E5}.Debug|Any CPU.Build.0 = Debug|Any CPU
		{B3EF5E46-435C-4E83-84E5-5E29C37A83E5}.Release|Any CPU.ActiveCfg = Release|Any CPU
		{B3EF5E46-435C-4E83-84E5-5E29C37A83E5}.Release|Any CPU.Build.0 = Release|Any CPU
	EndGlobalSection
	GlobalSection(SolutionProperties) = preSolution
		HideSolutionNode = FALSE
	EndGlobalSection
	GlobalSection(ExtensibilityGlobals) = postSolution
		SolutionGuid = {EE720EAD-0A55-44D0-A2E2-D63E38E5B4A6}
	EndGlobalSection
EndGlobal
