
Microsoft Visual Studio Solution File, Format Version 12.00
# Visual Studio 15
VisualStudioVersion = 15.0.27428.2043
MinimumVisualStudioVersion = 10.0.40219.1
Project("{FAE04EC0-301F-11D3-BF4B-00C04F79EFBC}") = "RESTListener", "RESTListener\RESTListener.csproj", "{357D761C-66D0-4077-84B9-8A4101BBB4CE}"
EndProject
Global
	GlobalSection(SolutionConfigurationPlatforms) = preSolution
		Debug|Any CPU = Debug|Any CPU
		Release|Any CPU = Release|Any CPU
	EndGlobalSection
	GlobalSection(ProjectConfigurationPlatforms) = postSolution
		{357D761C-66D0-4077-84B9-8A4101BBB4CE}.Debug|Any CPU.ActiveCfg = Debug|Any CPU
		{357D761C-66D0-4077-84B9-8A4101BBB4CE}.Debug|Any CPU.Build.0 = Debug|Any CPU
		{357D761C-66D0-4077-84B9-8A4101BBB4CE}.Release|Any CPU.ActiveCfg = Release|Any CPU
		{357D761C-66D0-4077-84B9-8A4101BBB4CE}.Release|Any CPU.Build.0 = Release|Any CPU
	EndGlobalSection
	GlobalSection(SolutionProperties) = preSolution
		HideSolutionNode = FALSE
	EndGlobalSection
	GlobalSection(ExtensibilityGlobals) = postSolution
		SolutionGuid = {8276C4D6-E1AE-4196-A5AC-D031BE557A5A}
	EndGlobalSection
EndGlobal
