
Microsoft Visual Studio Solution File, Format Version 12.00
# Visual Studio Version 16
VisualStudioVersion = 16.0.29509.3
MinimumVisualStudioVersion = 10.0.40219.1
Project("{FAE04EC0-301F-11D3-BF4B-00C04F79EFBC}") = "DumpPickListInfo", "DumpPickListInfo\DumpPickListInfo.csproj", "{462C2A63-77D7-42CA-A7CA-F6761207849F}"
EndProject
Global
	GlobalSection(SolutionConfigurationPlatforms) = preSolution
		Debug|Any CPU = Debug|Any CPU
		Release|Any CPU = Release|Any CPU
	EndGlobalSection
	GlobalSection(ProjectConfigurationPlatforms) = postSolution
		{462C2A63-77D7-42CA-A7CA-F6761207849F}.Debug|Any CPU.ActiveCfg = Debug|Any CPU
		{462C2A63-77D7-42CA-A7CA-F6761207849F}.Debug|Any CPU.Build.0 = Debug|Any CPU
		{462C2A63-77D7-42CA-A7CA-F6761207849F}.Release|Any CPU.ActiveCfg = Release|Any CPU
		{462C2A63-77D7-42CA-A7CA-F6761207849F}.Release|Any CPU.Build.0 = Release|Any CPU
	EndGlobalSection
	GlobalSection(SolutionProperties) = preSolution
		HideSolutionNode = FALSE
	EndGlobalSection
	GlobalSection(ExtensibilityGlobals) = postSolution
		SolutionGuid = {20DFFA59-A0E2-46B7-9039-C76C1834A7D6}
	EndGlobalSection
EndGlobal
