
Microsoft Visual Studio Solution File, Format Version 12.00
# Visual Studio 15
VisualStudioVersion = 15.0.28307.902
MinimumVisualStudioVersion = 10.0.40219.1
Project("{FAE04EC0-301F-11D3-BF4B-00C04F79EFBC}") = "DistributeCampaignActivitiesToMarketingList", "DistributeCampaignActivitiesToMarketingList\DistributeCampaignActivitiesToMarketingList.csproj", "{BA024F6E-CCC6-4AA9-8C71-1D6D15B11C94}"
EndProject
Global
	GlobalSection(SolutionConfigurationPlatforms) = preSolution
		Debug|Any CPU = Debug|Any CPU
		Release|Any CPU = Release|Any CPU
	EndGlobalSection
	GlobalSection(ProjectConfigurationPlatforms) = postSolution
		{BA024F6E-CCC6-4AA9-8C71-1D6D15B11C94}.Debug|Any CPU.ActiveCfg = Debug|Any CPU
		{BA024F6E-CCC6-4AA9-8C71-1D6D15B11C94}.Debug|Any CPU.Build.0 = Debug|Any CPU
		{BA024F6E-CCC6-4AA9-8C71-1D6D15B11C94}.Release|Any CPU.ActiveCfg = Release|Any CPU
		{BA024F6E-CCC6-4AA9-8C71-1D6D15B11C94}.Release|Any CPU.Build.0 = Release|Any CPU
	EndGlobalSection
	GlobalSection(SolutionProperties) = preSolution
		HideSolutionNode = FALSE
	EndGlobalSection
	GlobalSection(ExtensibilityGlobals) = postSolution
		SolutionGuid = {809539F9-538F-480E-90A2-AE1D4ACD77F2}
	EndGlobalSection
EndGlobal
