
Microsoft Visual Studio Solution File, Format Version 12.00
# Visual Studio Version 17
VisualStudioVersion = 17.14.36310.24 d17.14
MinimumVisualStudioVersion = 10.0.40219.1
Project("{FAE04EC0-301F-11D3-BF4B-00C04F79EFBC}") = "ColumnLevelSecurity", "ColumnLevelSecurity.csproj", "{600EC62D-285D-4C06-B6F8-A9AF6EAE2F75}"
EndProject
Global
	GlobalSection(SolutionConfigurationPlatforms) = preSolution
		Debug|Any CPU = Debug|Any CPU
		Release|Any CPU = Release|Any CPU
	EndGlobalSection
	GlobalSection(ProjectConfigurationPlatforms) = postSolution
		{600EC62D-285D-4C06-B6F8-A9AF6EAE2F75}.Debug|Any CPU.ActiveCfg = Debug|Any CPU
		{600EC62D-285D-4C06-B6F8-A9AF6EAE2F75}.Debug|Any CPU.Build.0 = Debug|Any CPU
		{600EC62D-285D-4C06-B6F8-A9AF6EAE2F75}.Release|Any CPU.ActiveCfg = Release|Any CPU
		{600EC62D-285D-4C06-B6F8-A9AF6EAE2F75}.Release|Any CPU.Build.0 = Release|Any CPU
	EndGlobalSection
	GlobalSection(SolutionProperties) = preSolution
		HideSolutionNode = FALSE
	EndGlobalSection
	GlobalSection(ExtensibilityGlobals) = postSolution
		SolutionGuid = {3D1DBD1C-B478-4828-AF59-A67EDC97F3C3}
	EndGlobalSection
EndGlobal
