
Microsoft Visual Studio Solution File, Format Version 12.00
# Visual Studio Version 16
VisualStudioVersion = 16.0.29306.81
MinimumVisualStudioVersion = 10.0.40219.1
Project("{FAE04EC0-301F-11D3-BF4B-00C04F79EFBC}") = "RetrieveMultipleExample", "RetrieveMultipleExample.csproj", "{1D430F65-321F-4C77-BAF9-0BD60D596AE0}"
EndProject
Global
	GlobalSection(SolutionConfigurationPlatforms) = preSolution
		Debug|Any CPU = Debug|Any CPU
		Release|Any CPU = Release|Any CPU
	EndGlobalSection
	GlobalSection(ProjectConfigurationPlatforms) = postSolution
		{1D430F65-321F-4C77-BAF9-0BD60D596AE0}.Debug|Any CPU.ActiveCfg = Debug|Any CPU
		{1D430F65-321F-4C77-BAF9-0BD60D596AE0}.Debug|Any CPU.Build.0 = Debug|Any CPU
		{1D430F65-321F-4C77-BAF9-0BD60D596AE0}.Release|Any CPU.ActiveCfg = Release|Any CPU
		{1D430F65-321F-4C77-BAF9-0BD60D596AE0}.Release|Any CPU.Build.0 = Release|Any CPU
	EndGlobalSection
	GlobalSection(SolutionProperties) = preSolution
		HideSolutionNode = FALSE
	EndGlobalSection
	GlobalSection(ExtensibilityGlobals) = postSolution
		SolutionGuid = {E14089E1-D3C4-4A34-8DE0-C4569B6CD220}
	EndGlobalSection
EndGlobal
