
Microsoft Visual Studio Solution File, Format Version 12.00
# Visual Studio Version 17
VisualStudioVersion = 17.3.32811.315
MinimumVisualStudioVersion = 10.0.40219.1
Project("{FAE04EC0-301F-11D3-BF4B-00C04F79EFBC}") = "MetadataOperations", "MetadataOperations.csproj", "{91BC4ADF-507C-46A1-A171-4901DB67F79C}"
EndProject
Project("{9A19103F-16F7-4668-BE54-9A1E7A4F7556}") = "WebAPIService", "..\WebAPIService\WebAPIService.csproj", "{A027794A-35DE-482A-BAAD-40DDEC005862}"
EndProject
Global
	GlobalSection(SolutionConfigurationPlatforms) = preSolution
		Debug|Any CPU = Debug|Any CPU
		Release|Any CPU = Release|Any CPU
	EndGlobalSection
	GlobalSection(ProjectConfigurationPlatforms) = postSolution
		{91BC4ADF-507C-46A1-A171-4901DB67F79C}.Debug|Any CPU.ActiveCfg = Debug|Any CPU
		{91BC4ADF-507C-46A1-A171-4901DB67F79C}.Debug|Any CPU.Build.0 = Debug|Any CPU
		{91BC4ADF-507C-46A1-A171-4901DB67F79C}.Release|Any CPU.ActiveCfg = Release|Any CPU
		{91BC4ADF-507C-46A1-A171-4901DB67F79C}.Release|Any CPU.Build.0 = Release|Any CPU
		{A027794A-35DE-482A-BAAD-40DDEC005862}.Debug|Any CPU.ActiveCfg = Debug|Any CPU
		{A027794A-35DE-482A-BAAD-40DDEC005862}.Debug|Any CPU.Build.0 = Debug|Any CPU
		{A027794A-35DE-482A-BAAD-40DDEC005862}.Release|Any CPU.ActiveCfg = Release|Any CPU
		{A027794A-35DE-482A-BAAD-40DDEC005862}.Release|Any CPU.Build.0 = Release|Any CPU
	EndGlobalSection
	GlobalSection(SolutionProperties) = preSolution
		HideSolutionNode = FALSE
	EndGlobalSection
	GlobalSection(ExtensibilityGlobals) = postSolution
		SolutionGuid = {F7D14408-CB46-450B-BD9A-ED736562EDF6}
	EndGlobalSection
EndGlobal
