
Microsoft Visual Studio Solution File, Format Version 12.00
# Visual Studio Version 17
VisualStudioVersion = 17.7.34024.191
MinimumVisualStudioVersion = 10.0.40219.1
Project("{FAE04EC0-301F-11D3-BF4B-00C04F79EFBC}") = "Search", "Search.csproj", "{4004DB0E-69C0-42F0-B69B-7FB17C8150B1}"
EndProject
Project("{9A19103F-16F7-4668-BE54-9A1E7A4F7556}") = "WebAPIService", "..\WebAPIService\WebAPIService.csproj", "{8D25A485-6802-4BAC-9E18-A61F97DB7B68}"
EndProject
Global
	GlobalSection(SolutionConfigurationPlatforms) = preSolution
		Debug|Any CPU = Debug|Any CPU
		Release|Any CPU = Release|Any CPU
	EndGlobalSection
	GlobalSection(ProjectConfigurationPlatforms) = postSolution
		{4004DB0E-69C0-42F0-B69B-7FB17C8150B1}.Debug|Any CPU.ActiveCfg = Debug|Any CPU
		{4004DB0E-69C0-42F0-B69B-7FB17C8150B1}.Debug|Any CPU.Build.0 = Debug|Any CPU
		{4004DB0E-69C0-42F0-B69B-7FB17C8150B1}.Release|Any CPU.ActiveCfg = Release|Any CPU
		{4004DB0E-69C0-42F0-B69B-7FB17C8150B1}.Release|Any CPU.Build.0 = Release|Any CPU
		{8D25A485-6802-4BAC-9E18-A61F97DB7B68}.Debug|Any CPU.ActiveCfg = Debug|Any CPU
		{8D25A485-6802-4BAC-9E18-A61F97DB7B68}.Debug|Any CPU.Build.0 = Debug|Any CPU
		{8D25A485-6802-4BAC-9E18-A61F97DB7B68}.Release|Any CPU.ActiveCfg = Release|Any CPU
		{8D25A485-6802-4BAC-9E18-A61F97DB7B68}.Release|Any CPU.Build.0 = Release|Any CPU
	EndGlobalSection
	GlobalSection(SolutionProperties) = preSolution
		HideSolutionNode = FALSE
	EndGlobalSection
	GlobalSection(ExtensibilityGlobals) = postSolution
		SolutionGuid = {676149B5-5E3B-47F8-A0A3-F0D0EC542322}
	EndGlobalSection
EndGlobal
