
Microsoft Visual Studio Solution File, Format Version 12.00
# Visual Studio Version 16
VisualStudioVersion = 16.0.29509.3
MinimumVisualStudioVersion = 10.0.40219.1
Project("{FAE04EC0-301F-11D3-BF4B-00C04F79EFBC}") = "GetReportHistoryLimit", "GetReportHistoryLimit\GetReportHistoryLimit.csproj", "{3B64BE66-585F-4B6E-9B3D-8A0833B407DD}"
EndProject
Global
	GlobalSection(SolutionConfigurationPlatforms) = preSolution
		Debug|Any CPU = Debug|Any CPU
		Release|Any CPU = Release|Any CPU
	EndGlobalSection
	GlobalSection(ProjectConfigurationPlatforms) = postSolution
		{3B64BE66-585F-4B6E-9B3D-8A0833B407DD}.Debug|Any CPU.ActiveCfg = Debug|Any CPU
		{3B64BE66-585F-4B6E-9B3D-8A0833B407DD}.Debug|Any CPU.Build.0 = Debug|Any CPU
		{3B64BE66-585F-4B6E-9B3D-8A0833B407DD}.Release|Any CPU.ActiveCfg = Release|Any CPU
		{3B64BE66-585F-4B6E-9B3D-8A0833B407DD}.Release|Any CPU.Build.0 = Release|Any CPU
	EndGlobalSection
	GlobalSection(SolutionProperties) = preSolution
		HideSolutionNode = FALSE
	EndGlobalSection
	GlobalSection(ExtensibilityGlobals) = postSolution
		SolutionGuid = {59C8023E-E04B-456C-81A1-45BFBABAB7B5}
	EndGlobalSection
EndGlobal
