
Microsoft Visual Studio Solution File, Format Version 12.00
# Visual Studio 15
VisualStudioVersion = 15.0.27428.2043
MinimumVisualStudioVersion = 10.0.40219.1
Project("{FAE04EC0-301F-11D3-BF4B-00C04F79EFBC}") = "RecordToQueue", "RecordToQueue\RecordToQueue.csproj", "{BEEF8857-7C5F-48DC-B79F-C9EF528D4703}"
EndProject
Global
	GlobalSection(SolutionConfigurationPlatforms) = preSolution
		Debug|Any CPU = Debug|Any CPU
		Release|Any CPU = Release|Any CPU
	EndGlobalSection
	GlobalSection(ProjectConfigurationPlatforms) = postSolution
		{BEEF8857-7C5F-48DC-B79F-C9EF528D4703}.Debug|Any CPU.ActiveCfg = Debug|Any CPU
		{BEEF8857-7C5F-48DC-B79F-C9EF528D4703}.Debug|Any CPU.Build.0 = Debug|Any CPU
		{BEEF8857-7C5F-48DC-B79F-C9EF528D4703}.Release|Any CPU.ActiveCfg = Release|Any CPU
		{BEEF8857-7C5F-48DC-B79F-C9EF528D4703}.Release|Any CPU.Build.0 = Release|Any CPU
	EndGlobalSection
	GlobalSection(SolutionProperties) = preSolution
		HideSolutionNode = FALSE
	EndGlobalSection
	GlobalSection(ExtensibilityGlobals) = postSolution
		SolutionGuid = {B49BC4A4-207C-482C-8FB9-A73FEE036D29}
	EndGlobalSection
EndGlobal
