
Microsoft Visual Studio Solution File, Format Version 12.00
# Visual Studio Version 17
VisualStudioVersion = 17.4.33213.308
MinimumVisualStudioVersion = 10.0.40219.1
Project("{FAE04EC0-301F-11D3-BF4B-00C04F79EFBC}") = "Microsoft.PowerPlatform.Administration.Helpers", "Microsoft.PowerPlatform.Administration.Helpers\Microsoft.PowerPlatform.Administration.Helpers.csproj", "{D7815FB3-DCE8-40AB-94AA-636DA21EFF75}"
EndProject
Global
	GlobalSection(SolutionConfigurationPlatforms) = preSolution
		Debug|Any CPU = Debug|Any CPU
		Debug|x64 = Debug|x64
		Release|Any CPU = Release|Any CPU
		Release|x64 = Release|x64
	EndGlobalSection
	GlobalSection(ProjectConfigurationPlatforms) = postSolution
		{D7815FB3-DCE8-40AB-94AA-636DA21EFF75}.Debug|Any CPU.ActiveCfg = Debug|Any CPU
		{D7815FB3-DCE8-40AB-94AA-636DA21EFF75}.Debug|Any CPU.Build.0 = Debug|Any CPU
		{D7815FB3-DCE8-40AB-94AA-636DA21EFF75}.Debug|x64.ActiveCfg = Debug|x64
		{D7815FB3-DCE8-40AB-94AA-636DA21EFF75}.Debug|x64.Build.0 = Debug|x64
		{D7815FB3-DCE8-40AB-94AA-636DA21EFF75}.Release|Any CPU.ActiveCfg = Release|Any CPU
		{D7815FB3-DCE8-40AB-94AA-636DA21EFF75}.Release|Any CPU.Build.0 = Release|Any CPU
		{D7815FB3-DCE8-40AB-94AA-636DA21EFF75}.Release|x64.ActiveCfg = Release|x64
		{D7815FB3-DCE8-40AB-94AA-636DA21EFF75}.Release|x64.Build.0 = Release|x64
	EndGlobalSection
	GlobalSection(SolutionProperties) = preSolution
		HideSolutionNode = FALSE
	EndGlobalSection
	GlobalSection(ExtensibilityGlobals) = postSolution
		SolutionGuid = {D3536525-3AFE-484D-9D70-1EF36031ECD9}
	EndGlobalSection
EndGlobal
