
Microsoft Visual Studio Solution File, Format Version 12.00
# Visual Studio Version 16
VisualStudioVersion = 16.0.29509.3
MinimumVisualStudioVersion = 10.0.40219.1
Project("{FAE04EC0-301F-11D3-BF4B-00C04F79EFBC}") = "CreateQueue", "CreateQueue\CreateQueue.csproj", "{5E15410A-A117-4319-8E62-A612C6594951}"
EndProject
Global
	GlobalSection(SolutionConfigurationPlatforms) = preSolution
		Debug|Any CPU = Debug|Any CPU
		Release|Any CPU = Release|Any CPU
	EndGlobalSection
	GlobalSection(ProjectConfigurationPlatforms) = postSolution
		{5E15410A-A117-4319-8E62-A612C6594951}.Debug|Any CPU.ActiveCfg = Debug|Any CPU
		{5E15410A-A117-4319-8E62-A612C6594951}.Debug|Any CPU.Build.0 = Debug|Any CPU
		{5E15410A-A117-4319-8E62-A612C6594951}.Release|Any CPU.ActiveCfg = Release|Any CPU
		{5E15410A-A117-4319-8E62-A612C6594951}.Release|Any CPU.Build.0 = Release|Any CPU
	EndGlobalSection
	GlobalSection(SolutionProperties) = preSolution
		HideSolutionNode = FALSE
	EndGlobalSection
	GlobalSection(ExtensibilityGlobals) = postSolution
		SolutionGuid = {77FFFD96-AA08-40FF-A94A-8042B1211F41}
	EndGlobalSection
EndGlobal
