
Microsoft Visual Studio Solution File, Format Version 12.00
# Visual Studio 15
VisualStudioVersion = 15.0.27428.2043
MinimumVisualStudioVersion = 10.0.40219.1
Project("{FAE04EC0-301F-11D3-BF4B-00C04F79EFBC}") = "EndRecurringAppointment", "EndRecurringAppointment\EndRecurringAppointment.csproj", "{60DF0C5C-BF6E-4947-9393-520DE9F5580E}"
EndProject
Global
	GlobalSection(SolutionConfigurationPlatforms) = preSolution
		Debug|Any CPU = Debug|Any CPU
		Release|Any CPU = Release|Any CPU
	EndGlobalSection
	GlobalSection(ProjectConfigurationPlatforms) = postSolution
		{60DF0C5C-BF6E-4947-9393-520DE9F5580E}.Debug|Any CPU.ActiveCfg = Debug|Any CPU
		{60DF0C5C-BF6E-4947-9393-520DE9F5580E}.Debug|Any CPU.Build.0 = Debug|Any CPU
		{60DF0C5C-BF6E-4947-9393-520DE9F5580E}.Release|Any CPU.ActiveCfg = Release|Any CPU
		{60DF0C5C-BF6E-4947-9393-520DE9F5580E}.Release|Any CPU.Build.0 = Release|Any CPU
	EndGlobalSection
	GlobalSection(SolutionProperties) = preSolution
		HideSolutionNode = FALSE
	EndGlobalSection
	GlobalSection(ExtensibilityGlobals) = postSolution
		SolutionGuid = {29ED210E-AD16-4208-A0DB-D2F249E93823}
	EndGlobalSection
EndGlobal
