
Microsoft Visual Studio Solution File, Format Version 12.00
# Visual Studio Version 16
VisualStudioVersion = 16.0.29509.3
MinimumVisualStudioVersion = 10.0.40219.1
Project("{FAE04EC0-301F-11D3-BF4B-00C04F79EFBC}") = "RemoveRoleFromUser", "RemoveRoleFromUser\RemoveRoleFromUser.csproj", "{EAF47F3E-9FA3-4657-9EA1-6AC324885BF2}"
EndProject
Global
	GlobalSection(SolutionConfigurationPlatforms) = preSolution
		Debug|Any CPU = Debug|Any CPU
		Release|Any CPU = Release|Any CPU
	EndGlobalSection
	GlobalSection(ProjectConfigurationPlatforms) = postSolution
		{EAF47F3E-9FA3-4657-9EA1-6AC324885BF2}.Debug|Any CPU.ActiveCfg = Debug|Any CPU
		{EAF47F3E-9FA3-4657-9EA1-6AC324885BF2}.Debug|Any CPU.Build.0 = Debug|Any CPU
		{EAF47F3E-9FA3-4657-9EA1-6AC324885BF2}.Release|Any CPU.ActiveCfg = Release|Any CPU
		{EAF47F3E-9FA3-4657-9EA1-6AC324885BF2}.Release|Any CPU.Build.0 = Release|Any CPU
	EndGlobalSection
	GlobalSection(SolutionProperties) = preSolution
		HideSolutionNode = FALSE
	EndGlobalSection
	GlobalSection(ExtensibilityGlobals) = postSolution
		SolutionGuid = {6699814C-C88D-4C11-937A-A7C044FCE8A4}
	EndGlobalSection
EndGlobal
