
Microsoft Visual Studio Solution File, Format Version 12.00
# Visual Studio 15
VisualStudioVersion = 15.0.27428.2043
MinimumVisualStudioVersion = 10.0.40219.1
Project("{FAE04EC0-301F-11D3-BF4B-00C04F79EFBC}") = "EarlyBoundEntityOperations", "EarlyBoundEntityOperations\EarlyBoundEntityOperations.csproj", "{806B2366-84D3-4262-A8BE-BEDB115EF3EC}"
EndProject
Global
	GlobalSection(SolutionConfigurationPlatforms) = preSolution
		Debug|Any CPU = Debug|Any CPU
		Release|Any CPU = Release|Any CPU
	EndGlobalSection
	GlobalSection(ProjectConfigurationPlatforms) = postSolution
		{806B2366-84D3-4262-A8BE-BEDB115EF3EC}.Debug|Any CPU.ActiveCfg = Debug|Any CPU
		{806B2366-84D3-4262-A8BE-BEDB115EF3EC}.Debug|Any CPU.Build.0 = Debug|Any CPU
		{806B2366-84D3-4262-A8BE-BEDB115EF3EC}.Release|Any CPU.ActiveCfg = Release|Any CPU
		{806B2366-84D3-4262-A8BE-BEDB115EF3EC}.Release|Any CPU.Build.0 = Release|Any CPU
	EndGlobalSection
	GlobalSection(SolutionProperties) = preSolution
		HideSolutionNode = FALSE
	EndGlobalSection
	GlobalSection(ExtensibilityGlobals) = postSolution
		SolutionGuid = {84E4DF7F-3497-4353-A498-94B0BD0ABE73}
	EndGlobalSection
EndGlobal
