
Microsoft Visual Studio Solution File, Format Version 12.00
# Visual Studio 15
VisualStudioVersion = 15.0.27428.2043
MinimumVisualStudioVersion = 10.0.40219.1
Project("{FAE04EC0-301F-11D3-BF4B-00C04F79EFBC}") = "AddSecurityPrincipalToQueue", "AddSecurityPrincipalToQueue\AddSecurityPrincipalToQueue.csproj", "{848AE39B-18A3-418C-8FD5-19A018BD3102}"
EndProject
Global
	GlobalSection(SolutionConfigurationPlatforms) = preSolution
		Debug|Any CPU = Debug|Any CPU
		Release|Any CPU = Release|Any CPU
	EndGlobalSection
	GlobalSection(ProjectConfigurationPlatforms) = postSolution
		{848AE39B-18A3-418C-8FD5-19A018BD3102}.Debug|Any CPU.ActiveCfg = Debug|Any CPU
		{848AE39B-18A3-418C-8FD5-19A018BD3102}.Debug|Any CPU.Build.0 = Debug|Any CPU
		{848AE39B-18A3-418C-8FD5-19A018BD3102}.Release|Any CPU.ActiveCfg = Release|Any CPU
		{848AE39B-18A3-418C-8FD5-19A018BD3102}.Release|Any CPU.Build.0 = Release|Any CPU
	EndGlobalSection
	GlobalSection(SolutionProperties) = preSolution
		HideSolutionNode = FALSE
	EndGlobalSection
	GlobalSection(ExtensibilityGlobals) = postSolution
		SolutionGuid = {56533CF5-0DA7-408C-BA58-95276E25704B}
	EndGlobalSection
EndGlobal
