
Microsoft Visual Studio Solution File, Format Version 12.00
# Visual Studio 15
VisualStudioVersion = 15.0.27428.2043
MinimumVisualStudioVersion = 10.0.40219.1
Project("{FAE04EC0-301F-11D3-BF4B-00C04F79EFBC}") = "RetrieveTimeZone", "RetrieveTimeZone\RetrieveTimeZone.csproj", "{2D5E9A8B-7224-450E-83A8-7B9B47679C7F}"
EndProject
Global
	GlobalSection(SolutionConfigurationPlatforms) = preSolution
		Debug|Any CPU = Debug|Any CPU
		Release|Any CPU = Release|Any CPU
	EndGlobalSection
	GlobalSection(ProjectConfigurationPlatforms) = postSolution
		{2D5E9A8B-7224-450E-83A8-7B9B47679C7F}.Debug|Any CPU.ActiveCfg = Debug|Any CPU
		{2D5E9A8B-7224-450E-83A8-7B9B47679C7F}.Debug|Any CPU.Build.0 = Debug|Any CPU
		{2D5E9A8B-7224-450E-83A8-7B9B47679C7F}.Release|Any CPU.ActiveCfg = Release|Any CPU
		{2D5E9A8B-7224-450E-83A8-7B9B47679C7F}.Release|Any CPU.Build.0 = Release|Any CPU
	EndGlobalSection
	GlobalSection(SolutionProperties) = preSolution
		HideSolutionNode = FALSE
	EndGlobalSection
	GlobalSection(ExtensibilityGlobals) = postSolution
		SolutionGuid = {4A2C44ED-98A8-4463-A136-4CF9B1567034}
	EndGlobalSection
EndGlobal
