
Microsoft Visual Studio Solution File, Format Version 12.00
# Visual Studio Version 16
VisualStudioVersion = 16.0.29509.3
MinimumVisualStudioVersion = 10.0.40219.1
Project("{FAE04EC0-301F-11D3-BF4B-00C04F79EFBC}") = "ShareQueue", "ShareQueue\ShareQueue.csproj", "{D82AE5CF-3C26-4B57-9B26-C35C0195380B}"
EndProject
Global
	GlobalSection(SolutionConfigurationPlatforms) = preSolution
		Debug|Any CPU = Debug|Any CPU
		Release|Any CPU = Release|Any CPU
	EndGlobalSection
	GlobalSection(ProjectConfigurationPlatforms) = postSolution
		{D82AE5CF-3C26-4B57-9B26-C35C0195380B}.Debug|Any CPU.ActiveCfg = Debug|Any CPU
		{D82AE5CF-3C26-4B57-9B26-C35C0195380B}.Debug|Any CPU.Build.0 = Debug|Any CPU
		{D82AE5CF-3C26-4B57-9B26-C35C0195380B}.Release|Any CPU.ActiveCfg = Release|Any CPU
		{D82AE5CF-3C26-4B57-9B26-C35C0195380B}.Release|Any CPU.Build.0 = Release|Any CPU
	EndGlobalSection
	GlobalSection(SolutionProperties) = preSolution
		HideSolutionNode = FALSE
	EndGlobalSection
	GlobalSection(ExtensibilityGlobals) = postSolution
		SolutionGuid = {F6B7B80A-01B1-4317-AFB6-6BF85D074779}
	EndGlobalSection
EndGlobal
