
Microsoft Visual Studio Solution File, Format Version 12.00
# Visual Studio Version 16
VisualStudioVersion = 16.0.30309.148
MinimumVisualStudioVersion = 10.0.40219.1
Project("{9A19103F-16F7-4668-BE54-9A1E7A4F7556}") = "BlazorCDS", "BlazorCDS\BlazorCDS.csproj", "{929B3CAC-83D0-41EB-A05E-AFD01847FEC3}"
EndProject
Global
	GlobalSection(SolutionConfigurationPlatforms) = preSolution
		Debug|Any CPU = Debug|Any CPU
		Release|Any CPU = Release|Any CPU
	EndGlobalSection
	GlobalSection(ProjectConfigurationPlatforms) = postSolution
		{929B3CAC-83D0-41EB-A05E-AFD01847FEC3}.Debug|Any CPU.ActiveCfg = Debug|Any CPU
		{929B3CAC-83D0-41EB-A05E-AFD01847FEC3}.Debug|Any CPU.Build.0 = Debug|Any CPU
		{929B3CAC-83D0-41EB-A05E-AFD01847FEC3}.Release|Any CPU.ActiveCfg = Release|Any CPU
		{929B3CAC-83D0-41EB-A05E-AFD01847FEC3}.Release|Any CPU.Build.0 = Release|Any CPU
	EndGlobalSection
	GlobalSection(SolutionProperties) = preSolution
		HideSolutionNode = FALSE
	EndGlobalSection
	GlobalSection(ExtensibilityGlobals) = postSolution
		SolutionGuid = {F6FAAC68-C147-4FDE-9623-9FAFED22F253}
	EndGlobalSection
EndGlobal
