
Microsoft Visual Studio Solution File, Format Version 12.00
# Visual Studio Version 17
VisualStudioVersion = 17.12.35521.163
MinimumVisualStudioVersion = 10.0.40219.1
Project("{FAE04EC0-301F-11D3-BF4B-00C04F79EFBC}") = "AssociateTableRows", "AssociateTableRows.csproj", "{BB17A8F5-57EF-44B6-BA22-2F5B7B340878}"
EndProject
Project("{FAE04EC0-301F-11D3-BF4B-00C04F79EFBC}") = "DataModel", "..\..\DataModel\DataModel.csproj", "{4E675286-8FBB-477A-ADAA-6F9283B020D1}"
EndProject
Global
	GlobalSection(SolutionConfigurationPlatforms) = preSolution
		Debug|Any CPU = Debug|Any CPU
		Release|Any CPU = Release|Any CPU
	EndGlobalSection
	GlobalSection(ProjectConfigurationPlatforms) = postSolution
		{BB17A8F5-57EF-44B6-BA22-2F5B7B340878}.Debug|Any CPU.ActiveCfg = Debug|Any CPU
		{BB17A8F5-57EF-44B6-BA22-2F5B7B340878}.Debug|Any CPU.Build.0 = Debug|Any CPU
		{BB17A8F5-57EF-44B6-BA22-2F5B7B340878}.Release|Any CPU.ActiveCfg = Release|Any CPU
		{BB17A8F5-57EF-44B6-BA22-2F5B7B340878}.Release|Any CPU.Build.0 = Release|Any CPU
		{4E675286-8FBB-477A-ADAA-6F9283B020D1}.Debug|Any CPU.ActiveCfg = Debug|Any CPU
		{4E675286-8FBB-477A-ADAA-6F9283B020D1}.Debug|Any CPU.Build.0 = Debug|Any CPU
		{4E675286-8FBB-477A-ADAA-6F9283B020D1}.Release|Any CPU.ActiveCfg = Release|Any CPU
		{4E675286-8FBB-477A-ADAA-6F9283B020D1}.Release|Any CPU.Build.0 = Release|Any CPU
	EndGlobalSection
	GlobalSection(SolutionProperties) = preSolution
		HideSolutionNode = FALSE
	EndGlobalSection
EndGlobal
