
Microsoft Visual Studio Solution File, Format Version 12.00
# Visual Studio 15
VisualStudioVersion = 15.0.27428.2015
MinimumVisualStudioVersion = 10.0.40219.1
Project("{FAE04EC0-301F-11D3-BF4B-00C04F79EFBC}") = "ExternalWebApiConsumingPortalOAuthTokenSample", "ExternalWebApiConsumingPortalOAuthTokenSample\ExternalWebApiConsumingPortalOAuthTokenSample.csproj", "{0ECF9AE5-C6B3-4EC4-9D62-89DA56A30059}"
EndProject
Global
	GlobalSection(SolutionConfigurationPlatforms) = preSolution
		Debug|Any CPU = Debug|Any CPU
		Release|Any CPU = Release|Any CPU
	EndGlobalSection
	GlobalSection(ProjectConfigurationPlatforms) = postSolution
		{0ECF9AE5-C6B3-4EC4-9D62-89DA56A30059}.Debug|Any CPU.ActiveCfg = Debug|Any CPU
		{0ECF9AE5-C6B3-4EC4-9D62-89DA56A30059}.Debug|Any CPU.Build.0 = Debug|Any CPU
		{0ECF9AE5-C6B3-4EC4-9D62-89DA56A30059}.Release|Any CPU.ActiveCfg = Release|Any CPU
		{0ECF9AE5-C6B3-4EC4-9D62-89DA56A30059}.Release|Any CPU.Build.0 = Release|Any CPU
	EndGlobalSection
	GlobalSection(SolutionProperties) = preSolution
		HideSolutionNode = FALSE
	EndGlobalSection
	GlobalSection(ExtensibilityGlobals) = postSolution
		SolutionGuid = {DD80ED7E-C672-4849-A102-E5A65FD8784F}
	EndGlobalSection
EndGlobal
