
Microsoft Visual Studio Solution File, Format Version 12.00
# Visual Studio 15
VisualStudioVersion = 15.0.27428.2043
MinimumVisualStudioVersion = 10.0.40219.1
Project("{FAE04EC0-301F-11D3-BF4B-00C04F79EFBC}") = "QueryWorkingHours", "QueryWorkingHours\QueryWorkingHours.csproj", "{4CE0028D-D2D2-4CA8-AD6E-6DE7D3668E48}"
EndProject
Global
	GlobalSection(SolutionConfigurationPlatforms) = preSolution
		Debug|Any CPU = Debug|Any CPU
		Release|Any CPU = Release|Any CPU
	EndGlobalSection
	GlobalSection(ProjectConfigurationPlatforms) = postSolution
		{4CE0028D-D2D2-4CA8-AD6E-6DE7D3668E48}.Debug|Any CPU.ActiveCfg = Debug|Any CPU
		{4CE0028D-D2D2-4CA8-AD6E-6DE7D3668E48}.Debug|Any CPU.Build.0 = Debug|Any CPU
		{4CE0028D-D2D2-4CA8-AD6E-6DE7D3668E48}.Release|Any CPU.ActiveCfg = Release|Any CPU
		{4CE0028D-D2D2-4CA8-AD6E-6DE7D3668E48}.Release|Any CPU.Build.0 = Release|Any CPU
	EndGlobalSection
	GlobalSection(SolutionProperties) = preSolution
		HideSolutionNode = FALSE
	EndGlobalSection
	GlobalSection(ExtensibilityGlobals) = postSolution
		SolutionGuid = {C6BF991E-66DE-40BA-A7E6-C01611B877E6}
	EndGlobalSection
EndGlobal
