
Microsoft Visual Studio Solution File, Format Version 12.00
# Visual Studio 15
VisualStudioVersion = 15.0.27428.2043
MinimumVisualStudioVersion = 10.0.40219.1
Project("{FAE04EC0-301F-11D3-BF4B-00C04F79EFBC}") = "FieldSecurity", "FieldSecurity\FieldSecurity.csproj", "{A86BD32B-1960-426E-AE84-F9D3D97B2A6A}"
EndProject
Global
	GlobalSection(SolutionConfigurationPlatforms) = preSolution
		Debug|Any CPU = Debug|Any CPU
		Release|Any CPU = Release|Any CPU
	EndGlobalSection
	GlobalSection(ProjectConfigurationPlatforms) = postSolution
		{A86BD32B-1960-426E-AE84-F9D3D97B2A6A}.Debug|Any CPU.ActiveCfg = Debug|Any CPU
		{A86BD32B-1960-426E-AE84-F9D3D97B2A6A}.Debug|Any CPU.Build.0 = Debug|Any CPU
		{A86BD32B-1960-426E-AE84-F9D3D97B2A6A}.Release|Any CPU.ActiveCfg = Release|Any CPU
		{A86BD32B-1960-426E-AE84-F9D3D97B2A6A}.Release|Any CPU.Build.0 = Release|Any CPU
	EndGlobalSection
	GlobalSection(SolutionProperties) = preSolution
		HideSolutionNode = FALSE
	EndGlobalSection
	GlobalSection(ExtensibilityGlobals) = postSolution
		SolutionGuid = {E4C7C3D2-CD57-4F45-9178-35840332BD35}
	EndGlobalSection
EndGlobal
