
Microsoft Visual Studio Solution File, Format Version 12.00
# Visual Studio 15
VisualStudioVersion = 15.0.27428.2043
MinimumVisualStudioVersion = 10.0.40219.1
Project("{FAE04EC0-301F-11D3-BF4B-00C04F79EFBC}") = "CustomActivity", "CustomActivity\CustomActivity.csproj", "{540717B7-41E6-4482-AC5C-48C24F94EDE4}"
EndProject
Global
	GlobalSection(SolutionConfigurationPlatforms) = preSolution
		Debug|Any CPU = Debug|Any CPU
		Release|Any CPU = Release|Any CPU
	EndGlobalSection
	GlobalSection(ProjectConfigurationPlatforms) = postSolution
		{540717B7-41E6-4482-AC5C-48C24F94EDE4}.Debug|Any CPU.ActiveCfg = Debug|Any CPU
		{540717B7-41E6-4482-AC5C-48C24F94EDE4}.Debug|Any CPU.Build.0 = Debug|Any CPU
		{540717B7-41E6-4482-AC5C-48C24F94EDE4}.Release|Any CPU.ActiveCfg = Release|Any CPU
		{540717B7-41E6-4482-AC5C-48C24F94EDE4}.Release|Any CPU.Build.0 = Release|Any CPU
	EndGlobalSection
	GlobalSection(SolutionProperties) = preSolution
		HideSolutionNode = FALSE
	EndGlobalSection
	GlobalSection(ExtensibilityGlobals) = postSolution
		SolutionGuid = {BB60218C-BA30-477C-8380-9E52F1A99A0A}
	EndGlobalSection
EndGlobal
