
Microsoft Visual Studio Solution File, Format Version 12.00
# Visual Studio 15
VisualStudioVersion = 15.0.27703.2042
MinimumVisualStudioVersion = 10.0.40219.1
Project("{FAE04EC0-301F-11D3-BF4B-00C04F79EFBC}") = "GlobalDiscovery", "GlobalDiscovery\GlobalDiscovery.csproj", "{0515BA0A-1A95-4005-A1F7-67AB56907FDE}"
EndProject
Global
	GlobalSection(SolutionConfigurationPlatforms) = preSolution
		Debug|Any CPU = Debug|Any CPU
		Release|Any CPU = Release|Any CPU
	EndGlobalSection
	GlobalSection(ProjectConfigurationPlatforms) = postSolution
		{0515BA0A-1A95-4005-A1F7-67AB56907FDE}.Debug|Any CPU.ActiveCfg = Debug|Any CPU
		{0515BA0A-1A95-4005-A1F7-67AB56907FDE}.Debug|Any CPU.Build.0 = Debug|Any CPU
		{0515BA0A-1A95-4005-A1F7-67AB56907FDE}.Release|Any CPU.ActiveCfg = Release|Any CPU
		{0515BA0A-1A95-4005-A1F7-67AB56907FDE}.Release|Any CPU.Build.0 = Release|Any CPU
	EndGlobalSection
	GlobalSection(SolutionProperties) = preSolution
		HideSolutionNode = FALSE
	EndGlobalSection
	GlobalSection(ExtensibilityGlobals) = postSolution
		SolutionGuid = {F76351A4-2191-45D4-BD18-23A8AD23785B}
	EndGlobalSection
EndGlobal
