
Microsoft Visual Studio Solution File, Format Version 12.00
# Visual Studio 15
VisualStudioVersion = 15.0.28307.902
MinimumVisualStudioVersion = 10.0.40219.1
Project("{FAE04EC0-301F-11D3-BF4B-00C04F79EFBC}") = "AssignRecordToTeam", "AssignRecordToTeam\AssignRecordToTeam.csproj", "{8EAF1C5B-56AF-45C9-A17D-C1343FAE8297}"
EndProject
Global
	GlobalSection(SolutionConfigurationPlatforms) = preSolution
		Debug|Any CPU = Debug|Any CPU
		Release|Any CPU = Release|Any CPU
	EndGlobalSection
	GlobalSection(ProjectConfigurationPlatforms) = postSolution
		{8EAF1C5B-56AF-45C9-A17D-C1343FAE8297}.Debug|Any CPU.ActiveCfg = Debug|Any CPU
		{8EAF1C5B-56AF-45C9-A17D-C1343FAE8297}.Debug|Any CPU.Build.0 = Debug|Any CPU
		{8EAF1C5B-56AF-45C9-A17D-C1343FAE8297}.Release|Any CPU.ActiveCfg = Release|Any CPU
		{8EAF1C5B-56AF-45C9-A17D-C1343FAE8297}.Release|Any CPU.Build.0 = Release|Any CPU
	EndGlobalSection
	GlobalSection(SolutionProperties) = preSolution
		HideSolutionNode = FALSE
	EndGlobalSection
	GlobalSection(ExtensibilityGlobals) = postSolution
		SolutionGuid = {7AFBAC47-131A-4AA2-A3F1-AA23A04369FB}
	EndGlobalSection
EndGlobal
