
Microsoft Visual Studio Solution File, Format Version 12.00
# Visual Studio 15
VisualStudioVersion = 15.0.27428.2043
MinimumVisualStudioVersion = 10.0.40219.1
Project("{FAE04EC0-301F-11D3-BF4B-00C04F79EFBC}") = "OneWayListener", "OneWayListener\OneWayListener.csproj", "{B1DD3F8A-CABB-4576-9C69-C93483A35539}"
EndProject
Global
	GlobalSection(SolutionConfigurationPlatforms) = preSolution
		Debug|Any CPU = Debug|Any CPU
		Release|Any CPU = Release|Any CPU
	EndGlobalSection
	GlobalSection(ProjectConfigurationPlatforms) = postSolution
		{B1DD3F8A-CABB-4576-9C69-C93483A35539}.Debug|Any CPU.ActiveCfg = Debug|Any CPU
		{B1DD3F8A-CABB-4576-9C69-C93483A35539}.Debug|Any CPU.Build.0 = Debug|Any CPU
		{B1DD3F8A-CABB-4576-9C69-C93483A35539}.Release|Any CPU.ActiveCfg = Release|Any CPU
		{B1DD3F8A-CABB-4576-9C69-C93483A35539}.Release|Any CPU.Build.0 = Release|Any CPU
	EndGlobalSection
	GlobalSection(SolutionProperties) = preSolution
		HideSolutionNode = FALSE
	EndGlobalSection
	GlobalSection(ExtensibilityGlobals) = postSolution
		SolutionGuid = {45499171-5C8B-4C71-BE71-C649428829B5}
	EndGlobalSection
EndGlobal
