
Microsoft Visual Studio Solution File, Format Version 12.00
# Visual Studio 15
VisualStudioVersion = 15.0.27428.2043
MinimumVisualStudioVersion = 10.0.40219.1
Project("{FAE04EC0-301F-11D3-BF4B-00C04F79EFBC}") = "GrantModifyRevokeAccess", "GrantModifyRevokeAccess\GrantModifyRevokeAccess.csproj", "{207A5EC6-4F2D-47C6-A034-6FBF51ACB870}"
EndProject
Global
	GlobalSection(SolutionConfigurationPlatforms) = preSolution
		Debug|Any CPU = Debug|Any CPU
		Release|Any CPU = Release|Any CPU
	EndGlobalSection
	GlobalSection(ProjectConfigurationPlatforms) = postSolution
		{207A5EC6-4F2D-47C6-A034-6FBF51ACB870}.Debug|Any CPU.ActiveCfg = Debug|Any CPU
		{207A5EC6-4F2D-47C6-A034-6FBF51ACB870}.Debug|Any CPU.Build.0 = Debug|Any CPU
		{207A5EC6-4F2D-47C6-A034-6FBF51ACB870}.Release|Any CPU.ActiveCfg = Release|Any CPU
		{207A5EC6-4F2D-47C6-A034-6FBF51ACB870}.Release|Any CPU.Build.0 = Release|Any CPU
	EndGlobalSection
	GlobalSection(SolutionProperties) = preSolution
		HideSolutionNode = FALSE
	EndGlobalSection
	GlobalSection(ExtensibilityGlobals) = postSolution
		SolutionGuid = {94F39788-4427-4BE0-9DBC-CC2B77803E28}
	EndGlobalSection
EndGlobal
