
Microsoft Visual Studio Solution File, Format Version 12.00
# Visual Studio Version 16
VisualStudioVersion = 16.0.29509.3
MinimumVisualStudioVersion = 10.0.40219.1
Project("{FAE04EC0-301F-11D3-BF4B-00C04F79EFBC}") = "DownloadReportDefinition", "DownloadReportDefinition\DownloadReportDefinition.csproj", "{56734C88-54AA-4BDF-9AFD-E629A5D96F3B}"
EndProject
Global
	GlobalSection(SolutionConfigurationPlatforms) = preSolution
		Debug|Any CPU = Debug|Any CPU
		Release|Any CPU = Release|Any CPU
	EndGlobalSection
	GlobalSection(ProjectConfigurationPlatforms) = postSolution
		{56734C88-54AA-4BDF-9AFD-E629A5D96F3B}.Debug|Any CPU.ActiveCfg = Debug|Any CPU
		{56734C88-54AA-4BDF-9AFD-E629A5D96F3B}.Debug|Any CPU.Build.0 = Debug|Any CPU
		{56734C88-54AA-4BDF-9AFD-E629A5D96F3B}.Release|Any CPU.ActiveCfg = Release|Any CPU
		{56734C88-54AA-4BDF-9AFD-E629A5D96F3B}.Release|Any CPU.Build.0 = Release|Any CPU
	EndGlobalSection
	GlobalSection(SolutionProperties) = preSolution
		HideSolutionNode = FALSE
	EndGlobalSection
	GlobalSection(ExtensibilityGlobals) = postSolution
		SolutionGuid = {D8EA3557-D523-49D7-A6AD-0944912CCB49}
	EndGlobalSection
EndGlobal
