
Microsoft Visual Studio Solution File, Format Version 12.00
# Visual Studio Version 17
VisualStudioVersion = 17.3.32811.315
MinimumVisualStudioVersion = 10.0.40219.1
Project("{FAE04EC0-301F-11D3-BF4B-00C04F79EFBC}") = "FunctionsAndActions", "FunctionsAndActions.csproj", "{71312F56-4065-4616-A259-1F82FB7B5DEB}"
EndProject
Project("{9A19103F-16F7-4668-BE54-9A1E7A4F7556}") = "WebAPIService", "..\WebAPIService\WebAPIService.csproj", "{803FCC39-2FDF-45EF-8FA7-47FCE000921C}"
EndProject
Global
	GlobalSection(SolutionConfigurationPlatforms) = preSolution
		Debug|Any CPU = Debug|Any CPU
		Release|Any CPU = Release|Any CPU
	EndGlobalSection
	GlobalSection(ProjectConfigurationPlatforms) = postSolution
		{71312F56-4065-4616-A259-1F82FB7B5DEB}.Debug|Any CPU.ActiveCfg = Debug|Any CPU
		{71312F56-4065-4616-A259-1F82FB7B5DEB}.Debug|Any CPU.Build.0 = Debug|Any CPU
		{71312F56-4065-4616-A259-1F82FB7B5DEB}.Release|Any CPU.ActiveCfg = Release|Any CPU
		{71312F56-4065-4616-A259-1F82FB7B5DEB}.Release|Any CPU.Build.0 = Release|Any CPU
		{803FCC39-2FDF-45EF-8FA7-47FCE000921C}.Debug|Any CPU.ActiveCfg = Debug|Any CPU
		{803FCC39-2FDF-45EF-8FA7-47FCE000921C}.Debug|Any CPU.Build.0 = Debug|Any CPU
		{803FCC39-2FDF-45EF-8FA7-47FCE000921C}.Release|Any CPU.ActiveCfg = Release|Any CPU
		{803FCC39-2FDF-45EF-8FA7-47FCE000921C}.Release|Any CPU.Build.0 = Release|Any CPU
	EndGlobalSection
	GlobalSection(SolutionProperties) = preSolution
		HideSolutionNode = FALSE
	EndGlobalSection
	GlobalSection(ExtensibilityGlobals) = postSolution
		SolutionGuid = {49864CA6-AB75-45AB-AECA-0BCAE6A5A690}
	EndGlobalSection
EndGlobal
