
Microsoft Visual Studio Solution File, Format Version 12.00
# Visual Studio 15
VisualStudioVersion = 15.0.27428.2043
MinimumVisualStudioVersion = 10.0.40219.1
Project("{FAE04EC0-301F-11D3-BF4B-00C04F79EFBC}") = "RecurringAppointment", "RecurringAppointment\RecurringAppointment.csproj", "{F4CAC7E2-EA90-4EC5-9492-43FBA7B6D3D5}"
EndProject
Global
	GlobalSection(SolutionConfigurationPlatforms) = preSolution
		Debug|Any CPU = Debug|Any CPU
		Release|Any CPU = Release|Any CPU
	EndGlobalSection
	GlobalSection(ProjectConfigurationPlatforms) = postSolution
		{F4CAC7E2-EA90-4EC5-9492-43FBA7B6D3D5}.Debug|Any CPU.ActiveCfg = Debug|Any CPU
		{F4CAC7E2-EA90-4EC5-9492-43FBA7B6D3D5}.Debug|Any CPU.Build.0 = Debug|Any CPU
		{F4CAC7E2-EA90-4EC5-9492-43FBA7B6D3D5}.Release|Any CPU.ActiveCfg = Release|Any CPU
		{F4CAC7E2-EA90-4EC5-9492-43FBA7B6D3D5}.Release|Any CPU.Build.0 = Release|Any CPU
	EndGlobalSection
	GlobalSection(SolutionProperties) = preSolution
		HideSolutionNode = FALSE
	EndGlobalSection
	GlobalSection(ExtensibilityGlobals) = postSolution
		SolutionGuid = {A9D0BC6D-9C5B-4D7F-950E-FD95665D78BD}
	EndGlobalSection
EndGlobal
