
Microsoft Visual Studio Solution File, Format Version 12.00
# Visual Studio Version 17
VisualStudioVersion = 17.4.33103.184
MinimumVisualStudioVersion = 10.0.40219.1
Project("{9A19103F-16F7-4668-BE54-9A1E7A4F7556}") = "xMultiplePluginSamples", "xMultiplePluginSamples.csproj", "{83AD233A-63B2-4DB4-BDAE-E32720306FF2}"
EndProject
Global
	GlobalSection(SolutionConfigurationPlatforms) = preSolution
		Debug|Any CPU = Debug|Any CPU
		Release|Any CPU = Release|Any CPU
	EndGlobalSection
	GlobalSection(ProjectConfigurationPlatforms) = postSolution
		{83AD233A-63B2-4DB4-BDAE-E32720306FF2}.Debug|Any CPU.ActiveCfg = Debug|Any CPU
		{83AD233A-63B2-4DB4-BDAE-E32720306FF2}.Debug|Any CPU.Build.0 = Debug|Any CPU
		{83AD233A-63B2-4DB4-BDAE-E32720306FF2}.Release|Any CPU.ActiveCfg = Release|Any CPU
		{83AD233A-63B2-4DB4-BDAE-E32720306FF2}.Release|Any CPU.Build.0 = Release|Any CPU
	EndGlobalSection
	GlobalSection(SolutionProperties) = preSolution
		HideSolutionNode = FALSE
	EndGlobalSection
	GlobalSection(ExtensibilityGlobals) = postSolution
		SolutionGuid = {0EBEC423-D724-48DC-87FE-9C945299B9A0}
	EndGlobalSection
EndGlobal
