
Microsoft Visual Studio Solution File, Format Version 12.00
# Visual Studio Version 16
VisualStudioVersion = 16.0.31613.86
MinimumVisualStudioVersion = 10.0.40219.1
Project("{FAE04EC0-301F-11D3-BF4B-00C04F79EFBC}") = "SolutionStagingAndImport", "SolutionStagingAndImport.csproj", "{9453C96E-6A9F-4DB5-8C8A-3B39721A84EB}"
EndProject
Global
	GlobalSection(SolutionConfigurationPlatforms) = preSolution
		Debug|Any CPU = Debug|Any CPU
		Release|Any CPU = Release|Any CPU
	EndGlobalSection
	GlobalSection(ProjectConfigurationPlatforms) = postSolution
		{9453C96E-6A9F-4DB5-8C8A-3B39721A84EB}.Debug|Any CPU.ActiveCfg = Debug|Any CPU
		{9453C96E-6A9F-4DB5-8C8A-3B39721A84EB}.Debug|Any CPU.Build.0 = Debug|Any CPU
		{9453C96E-6A9F-4DB5-8C8A-3B39721A84EB}.Release|Any CPU.ActiveCfg = Release|Any CPU
		{9453C96E-6A9F-4DB5-8C8A-3B39721A84EB}.Release|Any CPU.Build.0 = Release|Any CPU
	EndGlobalSection
	GlobalSection(SolutionProperties) = preSolution
		HideSolutionNode = FALSE
	EndGlobalSection
	GlobalSection(ExtensibilityGlobals) = postSolution
		SolutionGuid = {F5B5C0D5-197B-4DEF-B522-CFACC6CB66EF}
	EndGlobalSection
EndGlobal
