
Microsoft Visual Studio Solution File, Format Version 12.00
# Visual Studio Version 17
VisualStudioVersion = 17.3.32922.545
MinimumVisualStudioVersion = 10.0.40219.1
Project("{9A19103F-16F7-4668-BE54-9A1E7A4F7556}") = "ConsoleApp (public)", ".\ConsoleApp (public)\ConsoleApp (public).csproj", "{6EE84A31-2054-4C17-A25E-5083F1DF629E}"
EndProject
Project("{FAE04EC0-301F-11D3-BF4B-00C04F79EFBC}") = "ConsoleApp (confidential)", ".\ConsoleApp (confidential)\ConsoleApp (confidential).csproj", "{16A0C522-C266-4CE2-938C-EC40D4098BF5}"
EndProject
Global
	GlobalSection(SolutionConfigurationPlatforms) = preSolution
		Debug|Any CPU = Debug|Any CPU
		Release|Any CPU = Release|Any CPU
	EndGlobalSection
	GlobalSection(ProjectConfigurationPlatforms) = postSolution
		{6EE84A31-2054-4C17-A25E-5083F1DF629E}.Debug|Any CPU.ActiveCfg = Debug|Any CPU
		{6EE84A31-2054-4C17-A25E-5083F1DF629E}.Debug|Any CPU.Build.0 = Debug|Any CPU
		{6EE84A31-2054-4C17-A25E-5083F1DF629E}.Release|Any CPU.ActiveCfg = Release|Any CPU
		{6EE84A31-2054-4C17-A25E-5083F1DF629E}.Release|Any CPU.Build.0 = Release|Any CPU
		{16A0C522-C266-4CE2-938C-EC40D4098BF5}.Debug|Any CPU.ActiveCfg = Debug|Any CPU
		{16A0C522-C266-4CE2-938C-EC40D4098BF5}.Debug|Any CPU.Build.0 = Debug|Any CPU
		{16A0C522-C266-4CE2-938C-EC40D4098BF5}.Release|Any CPU.ActiveCfg = Release|Any CPU
		{16A0C522-C266-4CE2-938C-EC40D4098BF5}.Release|Any CPU.Build.0 = Release|Any CPU
	EndGlobalSection
	GlobalSection(SolutionProperties) = preSolution
		HideSolutionNode = FALSE
	EndGlobalSection
	GlobalSection(ExtensibilityGlobals) = postSolution
		SolutionGuid = {4BC3E282-E341-4836-8059-1C6E6571FC11}
	EndGlobalSection
EndGlobal
