
Microsoft Visual Studio Solution File, Format Version 12.00
# Visual Studio 15
VisualStudioVersion = 15.0.27428.2043
MinimumVisualStudioVersion = 10.0.40219.1
Project("{FAE04EC0-301F-11D3-BF4B-00C04F79EFBC}") = "QueriesTrackGoals", "QueriesTrackGoals\QueriesTrackGoals.csproj", "{6161BA76-19A4-44C7-ADD1-30801F78E637}"
EndProject
Global
	GlobalSection(SolutionConfigurationPlatforms) = preSolution
		Debug|Any CPU = Debug|Any CPU
		Release|Any CPU = Release|Any CPU
	EndGlobalSection
	GlobalSection(ProjectConfigurationPlatforms) = postSolution
		{6161BA76-19A4-44C7-ADD1-30801F78E637}.Debug|Any CPU.ActiveCfg = Debug|Any CPU
		{6161BA76-19A4-44C7-ADD1-30801F78E637}.Debug|Any CPU.Build.0 = Debug|Any CPU
		{6161BA76-19A4-44C7-ADD1-30801F78E637}.Release|Any CPU.ActiveCfg = Release|Any CPU
		{6161BA76-19A4-44C7-ADD1-30801F78E637}.Release|Any CPU.Build.0 = Release|Any CPU
	EndGlobalSection
	GlobalSection(SolutionProperties) = preSolution
		HideSolutionNode = FALSE
	EndGlobalSection
	GlobalSection(ExtensibilityGlobals) = postSolution
		SolutionGuid = {685834AA-86B1-4ED9-8E9C-9C1D6CEE0129}
	EndGlobalSection
EndGlobal
