
Microsoft Visual Studio Solution File, Format Version 12.00
# Visual Studio Version 16
VisualStudioVersion = 16.0.29509.3
MinimumVisualStudioVersion = 10.0.40219.1
Project("{FAE04EC0-301F-11D3-BF4B-00C04F79EFBC}") = "ExportRibbonDefinitions", "ExportRibbonDefinitions\ExportRibbonDefinitions.csproj", "{6168EA02-6506-49B2-8979-C85B2BBA0069}"
EndProject
Global
	GlobalSection(SolutionConfigurationPlatforms) = preSolution
		Debug|Any CPU = Debug|Any CPU
		Release|Any CPU = Release|Any CPU
	EndGlobalSection
	GlobalSection(ProjectConfigurationPlatforms) = postSolution
		{6168EA02-6506-49B2-8979-C85B2BBA0069}.Debug|Any CPU.ActiveCfg = Debug|Any CPU
		{6168EA02-6506-49B2-8979-C85B2BBA0069}.Debug|Any CPU.Build.0 = Debug|Any CPU
		{6168EA02-6506-49B2-8979-C85B2BBA0069}.Release|Any CPU.ActiveCfg = Release|Any CPU
		{6168EA02-6506-49B2-8979-C85B2BBA0069}.Release|Any CPU.Build.0 = Release|Any CPU
	EndGlobalSection
	GlobalSection(SolutionProperties) = preSolution
		HideSolutionNode = FALSE
	EndGlobalSection
	GlobalSection(ExtensibilityGlobals) = postSolution
		SolutionGuid = {D7E4EA3A-2371-4CFB-8D7B-8FDF3611977D}
	EndGlobalSection
EndGlobal
