
Microsoft Visual Studio Solution File, Format Version 12.00
# Visual Studio Version 16
VisualStudioVersion = 16.0.29509.3
MinimumVisualStudioVersion = 10.0.40219.1
Project("{FAE04EC0-301F-11D3-BF4B-00C04F79EFBC}") = "DeleteQueue", "DeleteQueue\DeleteQueue.csproj", "{A735308C-419A-46EB-9801-DEF6C7EE9AE9}"
EndProject
Global
	GlobalSection(SolutionConfigurationPlatforms) = preSolution
		Debug|Any CPU = Debug|Any CPU
		Release|Any CPU = Release|Any CPU
	EndGlobalSection
	GlobalSection(ProjectConfigurationPlatforms) = postSolution
		{A735308C-419A-46EB-9801-DEF6C7EE9AE9}.Debug|Any CPU.ActiveCfg = Debug|Any CPU
		{A735308C-419A-46EB-9801-DEF6C7EE9AE9}.Debug|Any CPU.Build.0 = Debug|Any CPU
		{A735308C-419A-46EB-9801-DEF6C7EE9AE9}.Release|Any CPU.ActiveCfg = Release|Any CPU
		{A735308C-419A-46EB-9801-DEF6C7EE9AE9}.Release|Any CPU.Build.0 = Release|Any CPU
	EndGlobalSection
	GlobalSection(SolutionProperties) = preSolution
		HideSolutionNode = FALSE
	EndGlobalSection
	GlobalSection(ExtensibilityGlobals) = postSolution
		SolutionGuid = {FC879561-3072-4A42-87AE-8C30958DEC7E}
	EndGlobalSection
EndGlobal
