
Microsoft Visual Studio Solution File, Format Version 12.00
# Visual Studio 15
VisualStudioVersion = 15.0.27428.2043
MinimumVisualStudioVersion = 10.0.40219.1
Project("{FAE04EC0-301F-11D3-BF4B-00C04F79EFBC}") = "BulkEmail", "BulkEmail\BulkEmail.csproj", "{D9C86A50-7559-458D-9621-0251E12651F6}"
EndProject
Global
	GlobalSection(SolutionConfigurationPlatforms) = preSolution
		Debug|Any CPU = Debug|Any CPU
		Release|Any CPU = Release|Any CPU
	EndGlobalSection
	GlobalSection(ProjectConfigurationPlatforms) = postSolution
		{D9C86A50-7559-458D-9621-0251E12651F6}.Debug|Any CPU.ActiveCfg = Debug|Any CPU
		{D9C86A50-7559-458D-9621-0251E12651F6}.Debug|Any CPU.Build.0 = Debug|Any CPU
		{D9C86A50-7559-458D-9621-0251E12651F6}.Release|Any CPU.ActiveCfg = Release|Any CPU
		{D9C86A50-7559-458D-9621-0251E12651F6}.Release|Any CPU.Build.0 = Release|Any CPU
	EndGlobalSection
	GlobalSection(SolutionProperties) = preSolution
		HideSolutionNode = FALSE
	EndGlobalSection
	GlobalSection(ExtensibilityGlobals) = postSolution
		SolutionGuid = {23B783C1-21E3-441F-8183-A81293518024}
	EndGlobalSection
EndGlobal
