
Microsoft Visual Studio Solution File, Format Version 12.00
# Visual Studio 15
VisualStudioVersion = 15.0.27428.2043
MinimumVisualStudioVersion = 10.0.40219.1
Project("{FAE04EC0-301F-11D3-BF4B-00C04F79EFBC}") = "Convertqueriesfetchqueryexpressions", "Convertqueriesfetchqueryexpressions\Convertqueriesfetchqueryexpressions.csproj", "{3D4CD3DF-DDFB-4577-9540-1F7A351EDDF5}"
EndProject
Global
	GlobalSection(SolutionConfigurationPlatforms) = preSolution
		Debug|Any CPU = Debug|Any CPU
		Release|Any CPU = Release|Any CPU
	EndGlobalSection
	GlobalSection(ProjectConfigurationPlatforms) = postSolution
		{3D4CD3DF-DDFB-4577-9540-1F7A351EDDF5}.Debug|Any CPU.ActiveCfg = Debug|Any CPU
		{3D4CD3DF-DDFB-4577-9540-1F7A351EDDF5}.Debug|Any CPU.Build.0 = Debug|Any CPU
		{3D4CD3DF-DDFB-4577-9540-1F7A351EDDF5}.Release|Any CPU.ActiveCfg = Release|Any CPU
		{3D4CD3DF-DDFB-4577-9540-1F7A351EDDF5}.Release|Any CPU.Build.0 = Release|Any CPU
	EndGlobalSection
	GlobalSection(SolutionProperties) = preSolution
		HideSolutionNode = FALSE
	EndGlobalSection
	GlobalSection(ExtensibilityGlobals) = postSolution
		SolutionGuid = {417D2241-8FBD-49F7-A4D1-9E223983E473}
	EndGlobalSection
EndGlobal
