
Microsoft Visual Studio Solution File, Format Version 12.00
# Visual Studio Version 17
VisualStudioVersion = 17.6.33829.357
MinimumVisualStudioVersion = 10.0.40219.1
Project("{9A19103F-16F7-4668-BE54-9A1E7A4F7556}") = "CreateUpdateMultiple", "CreateUpdateMultiple\CreateUpdateMultiple.csproj", "{1B6E993D-9E99-4FCE-8840-40BC99A77235}"
EndProject
Project("{9A19103F-16F7-4668-BE54-9A1E7A4F7556}") = "ParallelCreateUpdateMultiple", "ParallelCreateUpdateMultiple\ParallelCreateUpdateMultiple.csproj", "{6120BF1F-0CB2-48E3-961D-EE8FE7D86CA1}"
EndProject
Project("{2150E333-8FDC-42A3-9474-1A3956D46DE8}") = "Solution Items", "Solution Items", "{2BC303F1-0209-4B08-B7D6-CD9A570E2635}"
	ProjectSection(SolutionItems) = preProject
		README.md = README.md
		Settings.cs = Settings.cs
		Utility.cs = Utility.cs
	EndProjectSection
EndProject
Project("{9A19103F-16F7-4668-BE54-9A1E7A4F7556}") = "WebAPIService", "..\WebAPIService\WebAPIService.csproj", "{A1D0D7F9-32B0-4916-A92C-350E4BED2C9A}"
EndProject
Project("{FAE04EC0-301F-11D3-BF4B-00C04F79EFBC}") = "UpsertMultiple", "UpsertMultiple\UpsertMultiple.csproj", "{BD4F2C15-FD93-4079-81C6-AD074451C33A}"
EndProject
Global
	GlobalSection(SolutionConfigurationPlatforms) = preSolution
		Debug|Any CPU = Debug|Any CPU
		Release|Any CPU = Release|Any CPU
	EndGlobalSection
	GlobalSection(ProjectConfigurationPlatforms) = postSolution
		{1B6E993D-9E99-4FCE-8840-40BC99A77235}.Debug|Any CPU.ActiveCfg = Debug|Any CPU
		{1B6E993D-9E99-4FCE-8840-40BC99A77235}.Debug|Any CPU.Build.0 = Debug|Any CPU
		{1B6E993D-9E99-4FCE-8840-40BC99A77235}.Release|Any CPU.ActiveCfg = Release|Any CPU
		{1B6E993D-9E99-4FCE-8840-40BC99A77235}.Release|Any CPU.Build.0 = Release|Any CPU
		{6120BF1F-0CB2-48E3-961D-EE8FE7D86CA1}.Debug|Any CPU.ActiveCfg = Debug|Any CPU
		{6120BF1F-0CB2-48E3-961D-EE8FE7D86CA1}.Debug|Any CPU.Build.0 = Debug|Any CPU
		{6120BF1F-0CB2-48E3-961D-EE8FE7D86CA1}.Release|Any CPU.ActiveCfg = Release|Any CPU
		{6120BF1F-0CB2-48E3-961D-EE8FE7D86CA1}.Release|Any CPU.Build.0 = Release|Any CPU
		{A1D0D7F9-32B0-4916-A92C-350E4BED2C9A}.Debug|Any CPU.ActiveCfg = Debug|Any CPU
		{A1D0D7F9-32B0-4916-A92C-350E4BED2C9A}.Debug|Any CPU.Build.0 = Debug|Any CPU
		{A1D0D7F9-32B0-4916-A92C-350E4BED2C9A}.Release|Any CPU.ActiveCfg = Release|Any CPU
		{A1D0D7F9-32B0-4916-A92C-350E4BED2C9A}.Release|Any CPU.Build.0 = Release|Any CPU
		{BD4F2C15-FD93-4079-81C6-AD074451C33A}.Debug|Any CPU.ActiveCfg = Debug|Any CPU
		{BD4F2C15-FD93-4079-81C6-AD074451C33A}.Debug|Any CPU.Build.0 = Debug|Any CPU
		{BD4F2C15-FD93-4079-81C6-AD074451C33A}.Release|Any CPU.ActiveCfg = Release|Any CPU
		{BD4F2C15-FD93-4079-81C6-AD074451C33A}.Release|Any CPU.Build.0 = Release|Any CPU
	EndGlobalSection
	GlobalSection(SolutionProperties) = preSolution
		HideSolutionNode = FALSE
	EndGlobalSection
	GlobalSection(ExtensibilityGlobals) = postSolution
		SolutionGuid = {2B794A5F-111A-4B60-885F-73840AE9AE53}
	EndGlobalSection
EndGlobal
