
Microsoft Visual Studio Solution File, Format Version 12.00
# Visual Studio Version 16
VisualStudioVersion = 16.0.29509.3
MinimumVisualStudioVersion = 10.0.40219.1
Project("{FAE04EC0-301F-11D3-BF4B-00C04F79EFBC}") = "AssignChartToAnotherUser", "AssignChartToAnotherUser\AssignChartToAnotherUser.csproj", "{9070D001-6589-4099-932B-0109C4C91954}"
EndProject
Global
	GlobalSection(SolutionConfigurationPlatforms) = preSolution
		Debug|Any CPU = Debug|Any CPU
		Release|Any CPU = Release|Any CPU
	EndGlobalSection
	GlobalSection(ProjectConfigurationPlatforms) = postSolution
		{9070D001-6589-4099-932B-0109C4C91954}.Debug|Any CPU.ActiveCfg = Debug|Any CPU
		{9070D001-6589-4099-932B-0109C4C91954}.Debug|Any CPU.Build.0 = Debug|Any CPU
		{9070D001-6589-4099-932B-0109C4C91954}.Release|Any CPU.ActiveCfg = Release|Any CPU
		{9070D001-6589-4099-932B-0109C4C91954}.Release|Any CPU.Build.0 = Release|Any CPU
	EndGlobalSection
	GlobalSection(SolutionProperties) = preSolution
		HideSolutionNode = FALSE
	EndGlobalSection
	GlobalSection(ExtensibilityGlobals) = postSolution
		SolutionGuid = {6BA40B99-FC96-46FF-B1F8-8B26809C7022}
	EndGlobalSection
EndGlobal
