
Microsoft Visual Studio Solution File, Format Version 12.00
# Visual Studio 15
VisualStudioVersion = 15.0.27428.2043
MinimumVisualStudioVersion = 10.0.40219.1
Project("{FAE04EC0-301F-11D3-BF4B-00C04F79EFBC}") = "EnableDuplicateDetection", "EnableDuplicateDetection\EnableDuplicateDetection.csproj", "{DD57A7DE-C02A-4251-B541-F232795018D2}"
EndProject
Global
	GlobalSection(SolutionConfigurationPlatforms) = preSolution
		Debug|Any CPU = Debug|Any CPU
		Release|Any CPU = Release|Any CPU
	EndGlobalSection
	GlobalSection(ProjectConfigurationPlatforms) = postSolution
		{DD57A7DE-C02A-4251-B541-F232795018D2}.Debug|Any CPU.ActiveCfg = Debug|Any CPU
		{DD57A7DE-C02A-4251-B541-F232795018D2}.Debug|Any CPU.Build.0 = Debug|Any CPU
		{DD57A7DE-C02A-4251-B541-F232795018D2}.Release|Any CPU.ActiveCfg = Release|Any CPU
		{DD57A7DE-C02A-4251-B541-F232795018D2}.Release|Any CPU.Build.0 = Release|Any CPU
	EndGlobalSection
	GlobalSection(SolutionProperties) = preSolution
		HideSolutionNode = FALSE
	EndGlobalSection
	GlobalSection(ExtensibilityGlobals) = postSolution
		SolutionGuid = {765817B4-A12D-4A7B-BEDD-6C44065C9795}
	EndGlobalSection
EndGlobal
