
Microsoft Visual Studio Solution File, Format Version 12.00
# Visual Studio 15
VisualStudioVersion = 15.0.28307.329
MinimumVisualStudioVersion = 10.0.40219.1
Project("{FAE04EC0-301F-11D3-BF4B-00C04F79EFBC}") = "Single-tenant-S2S", "Single-tenant-S2S.csproj", "{4959C091-66B8-4D16-8BD5-E5F440CF5753}"
EndProject
Global
	GlobalSection(SolutionConfigurationPlatforms) = preSolution
		Debug|Any CPU = Debug|Any CPU
		Release|Any CPU = Release|Any CPU
	EndGlobalSection
	GlobalSection(ProjectConfigurationPlatforms) = postSolution
		{4959C091-66B8-4D16-8BD5-E5F440CF5753}.Debug|Any CPU.ActiveCfg = Debug|Any CPU
		{4959C091-66B8-4D16-8BD5-E5F440CF5753}.Debug|Any CPU.Build.0 = Debug|Any CPU
		{4959C091-66B8-4D16-8BD5-E5F440CF5753}.Release|Any CPU.ActiveCfg = Release|Any CPU
		{4959C091-66B8-4D16-8BD5-E5F440CF5753}.Release|Any CPU.Build.0 = Release|Any CPU
	EndGlobalSection
	GlobalSection(SolutionProperties) = preSolution
		HideSolutionNode = FALSE
	EndGlobalSection
	GlobalSection(ExtensibilityGlobals) = postSolution
		SolutionGuid = {5CE0892F-3F2E-462F-8BD5-B989DA04D177}
	EndGlobalSection
EndGlobal
