
Microsoft Visual Studio Solution File, Format Version 12.00
# Visual Studio Version 17
VisualStudioVersion = 17.13.35828.75 d17.13
MinimumVisualStudioVersion = 10.0.40219.1
Project("{FAE04EC0-301F-11D3-BF4B-00C04F79EFBC}") = "AssignChartToAnotherUser", "AssignChartToAnotherUser.csproj", "{A4C71D84-3857-4BD2-A764-1110DB024454}"
	ProjectSection(ProjectDependencies) = postProject
		{5C50A084-34C5-A2B8-6768-B0BCD7597BE5} = {5C50A084-34C5-A2B8-6768-B0BCD7597BE5}
	EndProjectSection
EndProject
Project("{FAE04EC0-301F-11D3-BF4B-00C04F79EFBC}") = "DataModel", "..\..\DataModel\DataModel.csproj", "{5C50A084-34C5-A2B8-6768-B0BCD7597BE5}"
EndProject
Global
	GlobalSection(SolutionConfigurationPlatforms) = preSolution
		Debug|Any CPU = Debug|Any CPU
		Release|Any CPU = Release|Any CPU
	EndGlobalSection
	GlobalSection(ProjectConfigurationPlatforms) = postSolution
		{A4C71D84-3857-4BD2-A764-1110DB024454}.Debug|Any CPU.ActiveCfg = Debug|Any CPU
		{A4C71D84-3857-4BD2-A764-1110DB024454}.Debug|Any CPU.Build.0 = Debug|Any CPU
		{A4C71D84-3857-4BD2-A764-1110DB024454}.Release|Any CPU.ActiveCfg = Release|Any CPU
		{A4C71D84-3857-4BD2-A764-1110DB024454}.Release|Any CPU.Build.0 = Release|Any CPU
		{5C50A084-34C5-A2B8-6768-B0BCD7597BE5}.Debug|Any CPU.ActiveCfg = Debug|Any CPU
		{5C50A084-34C5-A2B8-6768-B0BCD7597BE5}.Debug|Any CPU.Build.0 = Debug|Any CPU
		{5C50A084-34C5-A2B8-6768-B0BCD7597BE5}.Release|Any CPU.ActiveCfg = Release|Any CPU
		{5C50A084-34C5-A2B8-6768-B0BCD7597BE5}.Release|Any CPU.Build.0 = Release|Any CPU
	EndGlobalSection
	GlobalSection(SolutionProperties) = preSolution
		HideSolutionNode = FALSE
	EndGlobalSection
	GlobalSection(ExtensibilityGlobals) = postSolution
		SolutionGuid = {E9EE0675-2A23-4A13-BE03-D73DD960DD08}
	EndGlobalSection
EndGlobal
