
Microsoft Visual Studio Solution File, Format Version 12.00
# Visual Studio Version 16
VisualStudioVersion = 16.0.30907.101
MinimumVisualStudioVersion = 10.0.40219.1
Project("{9A19103F-16F7-4668-BE54-9A1E7A4F7556}") = "DataverseWebApiService", "DataverseWebApiService.csproj", "{00717081-67D4-42FF-91CF-84251C01B43C}"
EndProject
Project("{9A19103F-16F7-4668-BE54-9A1E7A4F7556}") = "QuickStart", "..\QuickStart\QuickStart.csproj", "{3A4F2284-E25E-43AA-AD2D-A5C6753C52C7}"
EndProject
Project("{9A19103F-16F7-4668-BE54-9A1E7A4F7556}") = "BasicOperations0", "..\BasicOperations0\BasicOperations0.csproj", "{C266436D-AEEF-4880-9229-7B6AE921ADA7}"
EndProject
Project("{9A19103F-16F7-4668-BE54-9A1E7A4F7556}") = "QueryData0", "..\QueryData0\QueryData0.csproj", "{58527C1F-0BC9-4482-AFA2-1936718FDB8A}"
EndProject
Project("{FAE04EC0-301F-11D3-BF4B-00C04F79EFBC}") = "ConditionalOperations0", "..\ConditionalOperations0\ConditionalOperations0.csproj", "{62FE1082-3EC0-4C91-9F18-F9C881351A61}"
EndProject
Global
	GlobalSection(SolutionConfigurationPlatforms) = preSolution
		Debug|Any CPU = Debug|Any CPU
		Release|Any CPU = Release|Any CPU
	EndGlobalSection
	GlobalSection(ProjectConfigurationPlatforms) = postSolution
		{00717081-67D4-42FF-91CF-84251C01B43C}.Debug|Any CPU.ActiveCfg = Debug|Any CPU
		{00717081-67D4-42FF-91CF-84251C01B43C}.Debug|Any CPU.Build.0 = Debug|Any CPU
		{00717081-67D4-42FF-91CF-84251C01B43C}.Release|Any CPU.ActiveCfg = Release|Any CPU
		{00717081-67D4-42FF-91CF-84251C01B43C}.Release|Any CPU.Build.0 = Release|Any CPU
		{3A4F2284-E25E-43AA-AD2D-A5C6753C52C7}.Debug|Any CPU.ActiveCfg = Debug|Any CPU
		{3A4F2284-E25E-43AA-AD2D-A5C6753C52C7}.Debug|Any CPU.Build.0 = Debug|Any CPU
		{3A4F2284-E25E-43AA-AD2D-A5C6753C52C7}.Release|Any CPU.ActiveCfg = Release|Any CPU
		{3A4F2284-E25E-43AA-AD2D-A5C6753C52C7}.Release|Any CPU.Build.0 = Release|Any CPU
		{C266436D-AEEF-4880-9229-7B6AE921ADA7}.Debug|Any CPU.ActiveCfg = Debug|Any CPU
		{C266436D-AEEF-4880-9229-7B6AE921ADA7}.Debug|Any CPU.Build.0 = Debug|Any CPU
		{C266436D-AEEF-4880-9229-7B6AE921ADA7}.Release|Any CPU.ActiveCfg = Release|Any CPU
		{C266436D-AEEF-4880-9229-7B6AE921ADA7}.Release|Any CPU.Build.0 = Release|Any CPU
		{58527C1F-0BC9-4482-AFA2-1936718FDB8A}.Debug|Any CPU.ActiveCfg = Debug|Any CPU
		{58527C1F-0BC9-4482-AFA2-1936718FDB8A}.Debug|Any CPU.Build.0 = Debug|Any CPU
		{58527C1F-0BC9-4482-AFA2-1936718FDB8A}.Release|Any CPU.ActiveCfg = Release|Any CPU
		{58527C1F-0BC9-4482-AFA2-1936718FDB8A}.Release|Any CPU.Build.0 = Release|Any CPU
		{62FE1082-3EC0-4C91-9F18-F9C881351A61}.Debug|Any CPU.ActiveCfg = Debug|Any CPU
		{62FE1082-3EC0-4C91-9F18-F9C881351A61}.Debug|Any CPU.Build.0 = Debug|Any CPU
		{62FE1082-3EC0-4C91-9F18-F9C881351A61}.Release|Any CPU.ActiveCfg = Release|Any CPU
		{62FE1082-3EC0-4C91-9F18-F9C881351A61}.Release|Any CPU.Build.0 = Release|Any CPU
	EndGlobalSection
	GlobalSection(SolutionProperties) = preSolution
		HideSolutionNode = FALSE
	EndGlobalSection
	GlobalSection(ExtensibilityGlobals) = postSolution
		SolutionGuid = {D680124E-F366-45F2-ADDF-FD162A7699D9}
	EndGlobalSection
EndGlobal
