
Microsoft Visual Studio Solution File, Format Version 12.00
# Visual Studio 15
VisualStudioVersion = 15.0.27428.2043
MinimumVisualStudioVersion = 10.0.40219.1
Project("{FAE04EC0-301F-11D3-BF4B-00C04F79EFBC}") = "ExecutemultipleRequests", "ExecutemultipleRequests\ExecutemultipleRequests.csproj", "{A23DD5DB-ADEE-4F11-857A-65152D97F57E}"
EndProject
Global
	GlobalSection(SolutionConfigurationPlatforms) = preSolution
		Debug|Any CPU = Debug|Any CPU
		Release|Any CPU = Release|Any CPU
	EndGlobalSection
	GlobalSection(ProjectConfigurationPlatforms) = postSolution
		{A23DD5DB-ADEE-4F11-857A-65152D97F57E}.Debug|Any CPU.ActiveCfg = Debug|Any CPU
		{A23DD5DB-ADEE-4F11-857A-65152D97F57E}.Debug|Any CPU.Build.0 = Debug|Any CPU
		{A23DD5DB-ADEE-4F11-857A-65152D97F57E}.Release|Any CPU.ActiveCfg = Release|Any CPU
		{A23DD5DB-ADEE-4F11-857A-65152D97F57E}.Release|Any CPU.Build.0 = Release|Any CPU
	EndGlobalSection
	GlobalSection(SolutionProperties) = preSolution
		HideSolutionNode = FALSE
	EndGlobalSection
	GlobalSection(ExtensibilityGlobals) = postSolution
		SolutionGuid = {2186D571-2BAD-46A7-9337-60C6ACBF3DD5}
	EndGlobalSection
EndGlobal
