
Microsoft Visual Studio Solution File, Format Version 12.00
# Visual Studio 15
VisualStudioVersion = 15.0.28307.902
MinimumVisualStudioVersion = 10.0.40219.1
Project("{FAE04EC0-301F-11D3-BF4B-00C04F79EFBC}") = "CreateEmailUsingTemplate", "CreateEmailUsingTemplate\CreateEmailUsingTemplate.csproj", "{3F813654-5B1D-47C0-9E34-21F5C7EB772D}"
EndProject
Global
	GlobalSection(SolutionConfigurationPlatforms) = preSolution
		Debug|Any CPU = Debug|Any CPU
		Release|Any CPU = Release|Any CPU
	EndGlobalSection
	GlobalSection(ProjectConfigurationPlatforms) = postSolution
		{3F813654-5B1D-47C0-9E34-21F5C7EB772D}.Debug|Any CPU.ActiveCfg = Debug|Any CPU
		{3F813654-5B1D-47C0-9E34-21F5C7EB772D}.Debug|Any CPU.Build.0 = Debug|Any CPU
		{3F813654-5B1D-47C0-9E34-21F5C7EB772D}.Release|Any CPU.ActiveCfg = Release|Any CPU
		{3F813654-5B1D-47C0-9E34-21F5C7EB772D}.Release|Any CPU.Build.0 = Release|Any CPU
	EndGlobalSection
	GlobalSection(SolutionProperties) = preSolution
		HideSolutionNode = FALSE
	EndGlobalSection
	GlobalSection(ExtensibilityGlobals) = postSolution
		SolutionGuid = {B004FBA7-7C41-44B5-9833-F545D4243D85}
	EndGlobalSection
EndGlobal
