
Microsoft Visual Studio Solution File, Format Version 12.00
# Visual Studio Version 17
VisualStudioVersion = 17.3.32811.315
MinimumVisualStudioVersion = 10.0.40219.1
Project("{FAE04EC0-301F-11D3-BF4B-00C04F79EFBC}") = "TPLDataFlowParallelOperations", "TPLDataFlowParallelOperations.csproj", "{3071D04F-2D0E-46A2-9A2B-10E3C1E77C5A}"
EndProject
Project("{9A19103F-16F7-4668-BE54-9A1E7A4F7556}") = "WebAPIService", "..\WebAPIService\WebAPIService.csproj", "{B0A69F1C-1FA7-4D6B-910F-05387443B01B}"
EndProject
Global
	GlobalSection(SolutionConfigurationPlatforms) = preSolution
		Debug|Any CPU = Debug|Any CPU
		Release|Any CPU = Release|Any CPU
	EndGlobalSection
	GlobalSection(ProjectConfigurationPlatforms) = postSolution
		{3071D04F-2D0E-46A2-9A2B-10E3C1E77C5A}.Debug|Any CPU.ActiveCfg = Debug|Any CPU
		{3071D04F-2D0E-46A2-9A2B-10E3C1E77C5A}.Debug|Any CPU.Build.0 = Debug|Any CPU
		{3071D04F-2D0E-46A2-9A2B-10E3C1E77C5A}.Release|Any CPU.ActiveCfg = Release|Any CPU
		{3071D04F-2D0E-46A2-9A2B-10E3C1E77C5A}.Release|Any CPU.Build.0 = Release|Any CPU
		{B0A69F1C-1FA7-4D6B-910F-05387443B01B}.Debug|Any CPU.ActiveCfg = Debug|Any CPU
		{B0A69F1C-1FA7-4D6B-910F-05387443B01B}.Debug|Any CPU.Build.0 = Debug|Any CPU
		{B0A69F1C-1FA7-4D6B-910F-05387443B01B}.Release|Any CPU.ActiveCfg = Release|Any CPU
		{B0A69F1C-1FA7-4D6B-910F-05387443B01B}.Release|Any CPU.Build.0 = Release|Any CPU
	EndGlobalSection
	GlobalSection(SolutionProperties) = preSolution
		HideSolutionNode = FALSE
	EndGlobalSection
	GlobalSection(ExtensibilityGlobals) = postSolution
		SolutionGuid = {CB26C0AC-79D4-4ACF-92B8-A0BF477E1826}
	EndGlobalSection
EndGlobal
