
Microsoft Visual Studio Solution File, Format Version 12.00
# Visual Studio Version 17
VisualStudioVersion = 17.13.35828.75 d17.13
MinimumVisualStudioVersion = 10.0.40219.1
Project("{FAE04EC0-301F-11D3-BF4B-00C04F79EFBC}") = "AssociateSecurityRoleToUser", "AssociateSecurityRoleToUser.csproj", "{AE582F52-5345-477E-A702-8CC9A8FC8704}"
	ProjectSection(ProjectDependencies) = postProject
		{5C50A084-34C5-A2B8-6768-B0BCD7597BE5} = {5C50A084-34C5-A2B8-6768-B0BCD7597BE5}
	EndProjectSection
EndProject
Project("{FAE04EC0-301F-11D3-BF4B-00C04F79EFBC}") = "DataModel", "..\..\DataModel\DataModel.csproj", "{5C50A084-34C5-A2B8-6768-B0BCD7597BE5}"
EndProject
Global
	GlobalSection(SolutionConfigurationPlatforms) = preSolution
		Debug|Any CPU = Debug|Any CPU
		Release|Any CPU = Release|Any CPU
	EndGlobalSection
	GlobalSection(ProjectConfigurationPlatforms) = postSolution
		{AE582F52-5345-477E-A702-8CC9A8FC8704}.Debug|Any CPU.ActiveCfg = Debug|Any CPU
		{AE582F52-5345-477E-A702-8CC9A8FC8704}.Debug|Any CPU.Build.0 = Debug|Any CPU
		{AE582F52-5345-477E-A702-8CC9A8FC8704}.Release|Any CPU.ActiveCfg = Release|Any CPU
		{AE582F52-5345-477E-A702-8CC9A8FC8704}.Release|Any CPU.Build.0 = Release|Any CPU
		{5C50A084-34C5-A2B8-6768-B0BCD7597BE5}.Debug|Any CPU.ActiveCfg = Debug|Any CPU
		{5C50A084-34C5-A2B8-6768-B0BCD7597BE5}.Debug|Any CPU.Build.0 = Debug|Any CPU
		{5C50A084-34C5-A2B8-6768-B0BCD7597BE5}.Release|Any CPU.ActiveCfg = Release|Any CPU
		{5C50A084-34C5-A2B8-6768-B0BCD7597BE5}.Release|Any CPU.Build.0 = Release|Any CPU
	EndGlobalSection
	GlobalSection(SolutionProperties) = preSolution
		HideSolutionNode = FALSE
	EndGlobalSection
	GlobalSection(ExtensibilityGlobals) = postSolution
		SolutionGuid = {0A2E950B-51D0-471E-9C74-292765813CC9}
	EndGlobalSection
EndGlobal
