
Microsoft Visual Studio Solution File, Format Version 12.00
# Visual Studio 15
VisualStudioVersion = 15.0.27428.2043
MinimumVisualStudioVersion = 10.0.40219.1
Project("{FAE04EC0-301F-11D3-BF4B-00C04F79EFBC}") = "DumpEntityMetadata", "DumpEntityMetadata\DumpEntityMetadata.csproj", "{60643AF9-780A-4C9C-8FF9-B41B675A43DC}"
EndProject
Global
	GlobalSection(SolutionConfigurationPlatforms) = preSolution
		Debug|Any CPU = Debug|Any CPU
		Release|Any CPU = Release|Any CPU
	EndGlobalSection
	GlobalSection(ProjectConfigurationPlatforms) = postSolution
		{60643AF9-780A-4C9C-8FF9-B41B675A43DC}.Debug|Any CPU.ActiveCfg = Debug|Any CPU
		{60643AF9-780A-4C9C-8FF9-B41B675A43DC}.Debug|Any CPU.Build.0 = Debug|Any CPU
		{60643AF9-780A-4C9C-8FF9-B41B675A43DC}.Release|Any CPU.ActiveCfg = Release|Any CPU
		{60643AF9-780A-4C9C-8FF9-B41B675A43DC}.Release|Any CPU.Build.0 = Release|Any CPU
	EndGlobalSection
	GlobalSection(SolutionProperties) = preSolution
		HideSolutionNode = FALSE
	EndGlobalSection
	GlobalSection(ExtensibilityGlobals) = postSolution
		SolutionGuid = {F8F780C0-DD25-4F8F-A721-0D33B7F8A73B}
	EndGlobalSection
EndGlobal
