
Microsoft Visual Studio Solution File, Format Version 12.00
# Visual Studio Version 17
VisualStudioVersion = 17.1.32421.90
MinimumVisualStudioVersion = 10.0.40219.1
Project("{9A19103F-16F7-4668-BE54-9A1E7A4F7556}") = "WhoAmI", "WhoAmI\WhoAmI.csproj", "{6545EA7B-AA62-4CC0-9CCE-C0D576D46002}"
EndProject
Project("{9A19103F-16F7-4668-BE54-9A1E7A4F7556}") = "CreateUpdateDelete", "CreateUpdateDelete\CreateUpdateDelete.csproj", "{805A766E-B74C-4CF2-AFC9-601614125703}"
EndProject
Project("{9A19103F-16F7-4668-BE54-9A1E7A4F7556}") = "TelemetryUsingILogger", "TelemetryUsingILogger\TelemetryUsingILogger.csproj", "{CDE7BFFC-AB78-4E8A-97E7-45D5B5160E37}"
EndProject
Project("{2150E333-8FDC-42A3-9474-1A3956D46DE8}") = "Solution Items", "Solution Items", "{7E26246C-F365-444A-8FEA-678A8EC60D90}"
	ProjectSection(SolutionItems) = preProject
		appsettings.json = appsettings.json
	EndProjectSection
EndProject
Global
	GlobalSection(SolutionConfigurationPlatforms) = preSolution
		Debug|Any CPU = Debug|Any CPU
		Release|Any CPU = Release|Any CPU
	EndGlobalSection
	GlobalSection(ProjectConfigurationPlatforms) = postSolution
		{6545EA7B-AA62-4CC0-9CCE-C0D576D46002}.Debug|Any CPU.ActiveCfg = Debug|Any CPU
		{6545EA7B-AA62-4CC0-9CCE-C0D576D46002}.Debug|Any CPU.Build.0 = Debug|Any CPU
		{6545EA7B-AA62-4CC0-9CCE-C0D576D46002}.Release|Any CPU.ActiveCfg = Release|Any CPU
		{6545EA7B-AA62-4CC0-9CCE-C0D576D46002}.Release|Any CPU.Build.0 = Release|Any CPU
		{805A766E-B74C-4CF2-AFC9-601614125703}.Debug|Any CPU.ActiveCfg = Debug|Any CPU
		{805A766E-B74C-4CF2-AFC9-601614125703}.Debug|Any CPU.Build.0 = Debug|Any CPU
		{805A766E-B74C-4CF2-AFC9-601614125703}.Release|Any CPU.ActiveCfg = Release|Any CPU
		{805A766E-B74C-4CF2-AFC9-601614125703}.Release|Any CPU.Build.0 = Release|Any CPU
		{CDE7BFFC-AB78-4E8A-97E7-45D5B5160E37}.Debug|Any CPU.ActiveCfg = Debug|Any CPU
		{CDE7BFFC-AB78-4E8A-97E7-45D5B5160E37}.Debug|Any CPU.Build.0 = Debug|Any CPU
		{CDE7BFFC-AB78-4E8A-97E7-45D5B5160E37}.Release|Any CPU.ActiveCfg = Release|Any CPU
		{CDE7BFFC-AB78-4E8A-97E7-45D5B5160E37}.Release|Any CPU.Build.0 = Release|Any CPU
	EndGlobalSection
	GlobalSection(SolutionProperties) = preSolution
		HideSolutionNode = FALSE
	EndGlobalSection
	GlobalSection(ExtensibilityGlobals) = postSolution
		SolutionGuid = {2320BAFB-BC12-4EC9-92C4-9B4D84522656}
	EndGlobalSection
EndGlobal
