
Microsoft Visual Studio Solution File, Format Version 12.00
# Visual Studio 15
VisualStudioVersion = 15.0.27428.2043
MinimumVisualStudioVersion = 10.0.40219.1
Project("{FAE04EC0-301F-11D3-BF4B-00C04F79EFBC}") = "RollupGoalData", "RollupGoalData\RollupGoalData.csproj", "{64301222-DBE0-48A0-B2ED-A0610FE22D6C}"
EndProject
Global
	GlobalSection(SolutionConfigurationPlatforms) = preSolution
		Debug|Any CPU = Debug|Any CPU
		Release|Any CPU = Release|Any CPU
	EndGlobalSection
	GlobalSection(ProjectConfigurationPlatforms) = postSolution
		{64301222-DBE0-48A0-B2ED-A0610FE22D6C}.Debug|Any CPU.ActiveCfg = Debug|Any CPU
		{64301222-DBE0-48A0-B2ED-A0610FE22D6C}.Debug|Any CPU.Build.0 = Debug|Any CPU
		{64301222-DBE0-48A0-B2ED-A0610FE22D6C}.Release|Any CPU.ActiveCfg = Release|Any CPU
		{64301222-DBE0-48A0-B2ED-A0610FE22D6C}.Release|Any CPU.Build.0 = Release|Any CPU
	EndGlobalSection
	GlobalSection(SolutionProperties) = preSolution
		HideSolutionNode = FALSE
	EndGlobalSection
	GlobalSection(ExtensibilityGlobals) = postSolution
		SolutionGuid = {6AD37945-16C7-47BF-A997-DDBA90499062}
	EndGlobalSection
EndGlobal
