
Microsoft Visual Studio Solution File, Format Version 12.00
# Visual Studio 15
VisualStudioVersion = 15.0.27428.2043
MinimumVisualStudioVersion = 10.0.40219.1
Project("{FAE04EC0-301F-11D3-BF4B-00C04F79EFBC}") = "UseQueryExpressionwithPaging", "UseQueryExpressionwithPaging\UseQueryExpressionwithPaging.csproj", "{61DEF3CB-1A83-4ECE-82C0-5897E6E9D43A}"
EndProject
Global
	GlobalSection(SolutionConfigurationPlatforms) = preSolution
		Debug|Any CPU = Debug|Any CPU
		Release|Any CPU = Release|Any CPU
	EndGlobalSection
	GlobalSection(ProjectConfigurationPlatforms) = postSolution
		{61DEF3CB-1A83-4ECE-82C0-5897E6E9D43A}.Debug|Any CPU.ActiveCfg = Debug|Any CPU
		{61DEF3CB-1A83-4ECE-82C0-5897E6E9D43A}.Debug|Any CPU.Build.0 = Debug|Any CPU
		{61DEF3CB-1A83-4ECE-82C0-5897E6E9D43A}.Release|Any CPU.ActiveCfg = Release|Any CPU
		{61DEF3CB-1A83-4ECE-82C0-5897E6E9D43A}.Release|Any CPU.Build.0 = Release|Any CPU
	EndGlobalSection
	GlobalSection(SolutionProperties) = preSolution
		HideSolutionNode = FALSE
	EndGlobalSection
	GlobalSection(ExtensibilityGlobals) = postSolution
		SolutionGuid = {30A3E4F3-4EA6-4DF4-B6E0-7F67B53FC080}
	EndGlobalSection
EndGlobal
