
Microsoft Visual Studio Solution File, Format Version 12.00
# Visual Studio 15
VisualStudioVersion = 15.0.27428.2043
MinimumVisualStudioVersion = 10.0.40219.1
Project("{FAE04EC0-301F-11D3-BF4B-00C04F79EFBC}") = "TwoWayListener", "TwoWayListener\TwoWayListener.csproj", "{277F0457-A90F-44A0-A0BE-2D48E9579AF6}"
EndProject
Global
	GlobalSection(SolutionConfigurationPlatforms) = preSolution
		Debug|Any CPU = Debug|Any CPU
		Release|Any CPU = Release|Any CPU
	EndGlobalSection
	GlobalSection(ProjectConfigurationPlatforms) = postSolution
		{277F0457-A90F-44A0-A0BE-2D48E9579AF6}.Debug|Any CPU.ActiveCfg = Debug|Any CPU
		{277F0457-A90F-44A0-A0BE-2D48E9579AF6}.Debug|Any CPU.Build.0 = Debug|Any CPU
		{277F0457-A90F-44A0-A0BE-2D48E9579AF6}.Release|Any CPU.ActiveCfg = Release|Any CPU
		{277F0457-A90F-44A0-A0BE-2D48E9579AF6}.Release|Any CPU.Build.0 = Release|Any CPU
	EndGlobalSection
	GlobalSection(SolutionProperties) = preSolution
		HideSolutionNode = FALSE
	EndGlobalSection
	GlobalSection(ExtensibilityGlobals) = postSolution
		SolutionGuid = {67851FFF-3EED-4A04-AECD-A39D9594D026}
	EndGlobalSection
EndGlobal
