
Microsoft Visual Studio Solution File, Format Version 12.00
# Visual Studio Version 17
VisualStudioVersion = 17.7.34202.233
MinimumVisualStudioVersion = 10.0.40219.1
Project("{FAE04EC0-301F-11D3-BF4B-00C04F79EFBC}") = "Search", "Search.csproj", "{BFFA38F0-AF30-4B80-9C0B-FC1964C69A8B}"
EndProject
Global
	GlobalSection(SolutionConfigurationPlatforms) = preSolution
		Debug|Any CPU = Debug|Any CPU
		Release|Any CPU = Release|Any CPU
	EndGlobalSection
	GlobalSection(ProjectConfigurationPlatforms) = postSolution
		{BFFA38F0-AF30-4B80-9C0B-FC1964C69A8B}.Debug|Any CPU.ActiveCfg = Debug|Any CPU
		{BFFA38F0-AF30-4B80-9C0B-FC1964C69A8B}.Debug|Any CPU.Build.0 = Debug|Any CPU
		{BFFA38F0-AF30-4B80-9C0B-FC1964C69A8B}.Release|Any CPU.ActiveCfg = Release|Any CPU
		{BFFA38F0-AF30-4B80-9C0B-FC1964C69A8B}.Release|Any CPU.Build.0 = Release|Any CPU
	EndGlobalSection
	GlobalSection(SolutionProperties) = preSolution
		HideSolutionNode = FALSE
	EndGlobalSection
	GlobalSection(ExtensibilityGlobals) = postSolution
		SolutionGuid = {5B495E9D-C49E-4F92-A448-F48A07295D19}
	EndGlobalSection
EndGlobal
