
Microsoft Visual Studio Solution File, Format Version 12.00
# Visual Studio Version 16
VisualStudioVersion = 16.0.29509.3
MinimumVisualStudioVersion = 10.0.40219.1
Project("{FAE04EC0-301F-11D3-BF4B-00C04F79EFBC}") = "ExecuteMultipleInTransaction", "ExecuteMultipleInTransaction\ExecuteMultipleInTransaction.csproj", "{62293DE3-DE66-4008-B657-143794AB878E}"
EndProject
Global
	GlobalSection(SolutionConfigurationPlatforms) = preSolution
		Debug|Any CPU = Debug|Any CPU
		Release|Any CPU = Release|Any CPU
	EndGlobalSection
	GlobalSection(ProjectConfigurationPlatforms) = postSolution
		{62293DE3-DE66-4008-B657-143794AB878E}.Debug|Any CPU.ActiveCfg = Debug|Any CPU
		{62293DE3-DE66-4008-B657-143794AB878E}.Debug|Any CPU.Build.0 = Debug|Any CPU
		{62293DE3-DE66-4008-B657-143794AB878E}.Release|Any CPU.ActiveCfg = Release|Any CPU
		{62293DE3-DE66-4008-B657-143794AB878E}.Release|Any CPU.Build.0 = Release|Any CPU
	EndGlobalSection
	GlobalSection(SolutionProperties) = preSolution
		HideSolutionNode = FALSE
	EndGlobalSection
	GlobalSection(ExtensibilityGlobals) = postSolution
		SolutionGuid = {6EBDEFE8-E263-48DA-9999-C35F9FB7E6DA}
	EndGlobalSection
EndGlobal
