
Microsoft Visual Studio Solution File, Format Version 12.00
# Visual Studio 15
VisualStudioVersion = 15.0.28307.1000
MinimumVisualStudioVersion = 10.0.40219.1
Project("{FAE04EC0-301F-11D3-BF4B-00C04F79EFBC}") = "MetadataQuery", "MetadataQuery\MetadataQuery.csproj", "{16FD9FE6-C0E0-4226-8738-158529ECA4F1}"
EndProject
Global
	GlobalSection(SolutionConfigurationPlatforms) = preSolution
		Debug|Any CPU = Debug|Any CPU
		Release|Any CPU = Release|Any CPU
	EndGlobalSection
	GlobalSection(ProjectConfigurationPlatforms) = postSolution
		{16FD9FE6-C0E0-4226-8738-158529ECA4F1}.Debug|Any CPU.ActiveCfg = Debug|Any CPU
		{16FD9FE6-C0E0-4226-8738-158529ECA4F1}.Debug|Any CPU.Build.0 = Debug|Any CPU
		{16FD9FE6-C0E0-4226-8738-158529ECA4F1}.Release|Any CPU.ActiveCfg = Release|Any CPU
		{16FD9FE6-C0E0-4226-8738-158529ECA4F1}.Release|Any CPU.Build.0 = Release|Any CPU
	EndGlobalSection
	GlobalSection(SolutionProperties) = preSolution
		HideSolutionNode = FALSE
	EndGlobalSection
	GlobalSection(ExtensibilityGlobals) = postSolution
		SolutionGuid = {745EDC09-330C-48DA-9ED2-E1F84483ED7E}
	EndGlobalSection
EndGlobal
