
Microsoft Visual Studio Solution File, Format Version 12.00
# Visual Studio 14
VisualStudioVersion = 14.0.25123.0
MinimumVisualStudioVersion = 10.0.40219.1
Project("{FAE04EC0-301F-11D3-BF4B-00C04F79EFBC}") = "SampleAppForOnlineAdminAPI", "SampleAppForOnlineAdminAPI.csproj", "{57893B2B-ECFF-44EE-968E-95D0219FC09A}"
EndProject
Global
	GlobalSection(SolutionConfigurationPlatforms) = preSolution
		Debug|Any CPU = Debug|Any CPU
		Release|Any CPU = Release|Any CPU
	EndGlobalSection
	GlobalSection(ProjectConfigurationPlatforms) = postSolution
		{57893B2B-ECFF-44EE-968E-95D0219FC09A}.Debug|Any CPU.ActiveCfg = Debug|Any CPU
		{57893B2B-ECFF-44EE-968E-95D0219FC09A}.Debug|Any CPU.Build.0 = Debug|Any CPU
		{57893B2B-ECFF-44EE-968E-95D0219FC09A}.Release|Any CPU.ActiveCfg = Release|Any CPU
		{57893B2B-ECFF-44EE-968E-95D0219FC09A}.Release|Any CPU.Build.0 = Release|Any CPU
	EndGlobalSection
	GlobalSection(SolutionProperties) = preSolution
		HideSolutionNode = FALSE
	EndGlobalSection
EndGlobal
