
Microsoft Visual Studio Solution File, Format Version 12.00
# Visual Studio 15
VisualStudioVersion = 15.0.27428.2043
MinimumVisualStudioVersion = 10.0.40219.1
Project("{FAE04EC0-301F-11D3-BF4B-00C04F79EFBC}") = "UseDuplicatedetectionforCRUD", "UseDuplicatedetectionforCRUD\UseDuplicatedetectionforCRUD.csproj", "{5FECFA61-FAF1-4DE2-8974-37E76A14F960}"
EndProject
Global
	GlobalSection(SolutionConfigurationPlatforms) = preSolution
		Debug|Any CPU = Debug|Any CPU
		Release|Any CPU = Release|Any CPU
	EndGlobalSection
	GlobalSection(ProjectConfigurationPlatforms) = postSolution
		{5FECFA61-FAF1-4DE2-8974-37E76A14F960}.Debug|Any CPU.ActiveCfg = Debug|Any CPU
		{5FECFA61-FAF1-4DE2-8974-37E76A14F960}.Debug|Any CPU.Build.0 = Debug|Any CPU
		{5FECFA61-FAF1-4DE2-8974-37E76A14F960}.Release|Any CPU.ActiveCfg = Release|Any CPU
		{5FECFA61-FAF1-4DE2-8974-37E76A14F960}.Release|Any CPU.Build.0 = Release|Any CPU
	EndGlobalSection
	GlobalSection(SolutionProperties) = preSolution
		HideSolutionNode = FALSE
	EndGlobalSection
	GlobalSection(ExtensibilityGlobals) = postSolution
		SolutionGuid = {18FA3DDA-8165-46F6-B0F1-6E186C57D8B5}
	EndGlobalSection
EndGlobal
