
Microsoft Visual Studio Solution File, Format Version 12.00
# Visual Studio Version 16
VisualStudioVersion = 16.0.29613.14
MinimumVisualStudioVersion = 10.0.40219.1
Project("{FAE04EC0-301F-11D3-BF4B-00C04F79EFBC}") = "TPLCrmServiceClient", "TPLCrmServiceClient.csproj", "{3987A032-C90C-4A32-928E-6B414E4ADB36}"
EndProject
Global
	GlobalSection(SolutionConfigurationPlatforms) = preSolution
		Debug|Any CPU = Debug|Any CPU
		Release|Any CPU = Release|Any CPU
	EndGlobalSection
	GlobalSection(ProjectConfigurationPlatforms) = postSolution
		{3987A032-C90C-4A32-928E-6B414E4ADB36}.Debug|Any CPU.ActiveCfg = Debug|Any CPU
		{3987A032-C90C-4A32-928E-6B414E4ADB36}.Debug|Any CPU.Build.0 = Debug|Any CPU
		{3987A032-C90C-4A32-928E-6B414E4ADB36}.Release|Any CPU.ActiveCfg = Release|Any CPU
		{3987A032-C90C-4A32-928E-6B414E4ADB36}.Release|Any CPU.Build.0 = Release|Any CPU
	EndGlobalSection
	GlobalSection(SolutionProperties) = preSolution
		HideSolutionNode = FALSE
	EndGlobalSection
	GlobalSection(ExtensibilityGlobals) = postSolution
		SolutionGuid = {E74FE0C8-ECF2-4905-BC4E-605204D9D9C2}
	EndGlobalSection
EndGlobal
