
Microsoft Visual Studio Solution File, Format Version 12.00
# Visual Studio 15
VisualStudioVersion = 15.0.27428.2043
MinimumVisualStudioVersion = 10.0.40219.1
Project("{FAE04EC0-301F-11D3-BF4B-00C04F79EFBC}") = "Azurecustomworkflowactivity", "Azurecustomworkflowactivity\Azurecustomworkflowactivity.csproj", "{4966674F-9F6E-43AB-9224-FE1E7843C496}"
EndProject
Global
	GlobalSection(SolutionConfigurationPlatforms) = preSolution
		Debug|Any CPU = Debug|Any CPU
		Release|Any CPU = Release|Any CPU
	EndGlobalSection
	GlobalSection(ProjectConfigurationPlatforms) = postSolution
		{4966674F-9F6E-43AB-9224-FE1E7843C496}.Debug|Any CPU.ActiveCfg = Debug|Any CPU
		{4966674F-9F6E-43AB-9224-FE1E7843C496}.Debug|Any CPU.Build.0 = Debug|Any CPU
		{4966674F-9F6E-43AB-9224-FE1E7843C496}.Release|Any CPU.ActiveCfg = Release|Any CPU
		{4966674F-9F6E-43AB-9224-FE1E7843C496}.Release|Any CPU.Build.0 = Release|Any CPU
	EndGlobalSection
	GlobalSection(SolutionProperties) = preSolution
		HideSolutionNode = FALSE
	EndGlobalSection
	GlobalSection(ExtensibilityGlobals) = postSolution
		SolutionGuid = {7DFEC761-A14F-44E7-91C1-CEEDF858F8CF}
	EndGlobalSection
EndGlobal
