
Microsoft Visual Studio Solution File, Format Version 12.00
# Visual Studio Version 17
VisualStudioVersion = 17.11.35327.3
MinimumVisualStudioVersion = 10.0.40219.1
Project("{FAE04EC0-301F-11D3-BF4B-00C04F79EFBC}") = "ActivityParty", "ActivityParty.csproj", "{B9737429-4E81-445C-B64B-EBD7C85FB53E}"
	ProjectSection(ProjectDependencies) = postProject
		{3EA8AF9E-7639-4C91-B7A8-313BCD3826D2} = {3EA8AF9E-7639-4C91-B7A8-313BCD3826D2}
	EndProjectSection
EndProject
Project("{FAE04EC0-301F-11D3-BF4B-00C04F79EFBC}") = "DataModel", "..\..\DataModel\DataModel.csproj", "{3EA8AF9E-7639-4C91-B7A8-313BCD3826D2}"
EndProject
Global
	GlobalSection(SolutionConfigurationPlatforms) = preSolution
		Debug|Any CPU = Debug|Any CPU
		Release|Any CPU = Release|Any CPU
	EndGlobalSection
	GlobalSection(ProjectConfigurationPlatforms) = postSolution
		{B9737429-4E81-445C-B64B-EBD7C85FB53E}.Debug|Any CPU.ActiveCfg = Debug|Any CPU
		{B9737429-4E81-445C-B64B-EBD7C85FB53E}.Debug|Any CPU.Build.0 = Debug|Any CPU
		{B9737429-4E81-445C-B64B-EBD7C85FB53E}.Release|Any CPU.ActiveCfg = Release|Any CPU
		{B9737429-4E81-445C-B64B-EBD7C85FB53E}.Release|Any CPU.Build.0 = Release|Any CPU
		{3EA8AF9E-7639-4C91-B7A8-313BCD3826D2}.Debug|Any CPU.ActiveCfg = Debug|Any CPU
		{3EA8AF9E-7639-4C91-B7A8-313BCD3826D2}.Debug|Any CPU.Build.0 = Debug|Any CPU
		{3EA8AF9E-7639-4C91-B7A8-313BCD3826D2}.Release|Any CPU.ActiveCfg = Release|Any CPU
		{3EA8AF9E-7639-4C91-B7A8-313BCD3826D2}.Release|Any CPU.Build.0 = Release|Any CPU
	EndGlobalSection
	GlobalSection(SolutionProperties) = preSolution
		HideSolutionNode = FALSE
	EndGlobalSection
	GlobalSection(ExtensibilityGlobals) = postSolution
		SolutionGuid = {875F57F0-1C51-4061-88EA-22A2192B62EC}
	EndGlobalSection
EndGlobal
