
Microsoft Visual Studio Solution File, Format Version 12.00
# Visual Studio 15
VisualStudioVersion = 15.0.27428.2043
MinimumVisualStudioVersion = 10.0.40219.1
Project("{FAE04EC0-301F-11D3-BF4B-00C04F79EFBC}") = "RetrieveCurrency", "RetrieveTimeZone\RetrieveCurrency.csproj", "{D54D9361-A2D6-4B30-BEDD-55A04C960FCB}"
EndProject
Global
	GlobalSection(SolutionConfigurationPlatforms) = preSolution
		Debug|Any CPU = Debug|Any CPU
		Release|Any CPU = Release|Any CPU
	EndGlobalSection
	GlobalSection(ProjectConfigurationPlatforms) = postSolution
		{D54D9361-A2D6-4B30-BEDD-55A04C960FCB}.Debug|Any CPU.ActiveCfg = Debug|Any CPU
		{D54D9361-A2D6-4B30-BEDD-55A04C960FCB}.Debug|Any CPU.Build.0 = Debug|Any CPU
		{D54D9361-A2D6-4B30-BEDD-55A04C960FCB}.Release|Any CPU.ActiveCfg = Release|Any CPU
		{D54D9361-A2D6-4B30-BEDD-55A04C960FCB}.Release|Any CPU.Build.0 = Release|Any CPU
	EndGlobalSection
	GlobalSection(SolutionProperties) = preSolution
		HideSolutionNode = FALSE
	EndGlobalSection
	GlobalSection(ExtensibilityGlobals) = postSolution
		SolutionGuid = {FC4CB71F-FAFA-49C7-8580-AA6801BF9474}
	EndGlobalSection
EndGlobal
