
Microsoft Visual Studio Solution File, Format Version 12.00
# Visual Studio Version 17
VisualStudioVersion = 17.5.002.0
MinimumVisualStudioVersion = 10.0.40219.1
Project("{9A19103F-16F7-4668-BE54-9A1E7A4F7556}") = "GenerateEntityDiagram", "GenerateEntityDiagram.csproj", "{95966D36-EFD8-417F-B620-0F09587F7073}"
EndProject
Global
	GlobalSection(SolutionConfigurationPlatforms) = preSolution
		Debug|Any CPU = Debug|Any CPU
		Release|Any CPU = Release|Any CPU
	EndGlobalSection
	GlobalSection(ProjectConfigurationPlatforms) = postSolution
		{95966D36-EFD8-417F-B620-0F09587F7073}.Debug|Any CPU.ActiveCfg = Debug|Any CPU
		{95966D36-EFD8-417F-B620-0F09587F7073}.Debug|Any CPU.Build.0 = Debug|Any CPU
		{95966D36-EFD8-417F-B620-0F09587F7073}.Release|Any CPU.ActiveCfg = Release|Any CPU
		{95966D36-EFD8-417F-B620-0F09587F7073}.Release|Any CPU.Build.0 = Release|Any CPU
	EndGlobalSection
	GlobalSection(SolutionProperties) = preSolution
		HideSolutionNode = FALSE
	EndGlobalSection
	GlobalSection(ExtensibilityGlobals) = postSolution
		SolutionGuid = {2FFE5AB5-50FE-4D04-8048-99C2FB69C666}
	EndGlobalSection
EndGlobal
