
Microsoft Visual Studio Solution File, Format Version 12.00
# Visual Studio 14
VisualStudioVersion = 14.0.23107.0
MinimumVisualStudioVersion = 10.0.40219.1
Project("{FAE04EC0-301F-11D3-BF4B-00C04F79EFBC}") = "Sdk.WebAPIModelSample", "Sdk.WebAPIModelSample.csproj", "{C5E65A05-F14E-4A5D-9C4F-3965D155BD14}"
EndProject
Project("{2150E333-8FDC-42A3-9474-1A3956D46DE8}") = "Solution Items", "Solution Items", "{75F0CFF0-085D-494E-8232-7413A880E49B}"
	ProjectSection(SolutionItems) = preProject
		test.html = test.html
	EndProjectSection
EndProject
Global
	GlobalSection(SolutionConfigurationPlatforms) = preSolution
		Debug|Any CPU = Debug|Any CPU
		Release|Any CPU = Release|Any CPU
	EndGlobalSection
	GlobalSection(ProjectConfigurationPlatforms) = postSolution
		{C5E65A05-F14E-4A5D-9C4F-3965D155BD14}.Debug|Any CPU.ActiveCfg = Debug|Any CPU
		{C5E65A05-F14E-4A5D-9C4F-3965D155BD14}.Debug|Any CPU.Build.0 = Debug|Any CPU
		{C5E65A05-F14E-4A5D-9C4F-3965D155BD14}.Release|Any CPU.ActiveCfg = Release|Any CPU
		{C5E65A05-F14E-4A5D-9C4F-3965D155BD14}.Release|Any CPU.Build.0 = Release|Any CPU
	EndGlobalSection
	GlobalSection(SolutionProperties) = preSolution
		HideSolutionNode = FALSE
	EndGlobalSection
EndGlobal
