
Microsoft Visual Studio Solution File, Format Version 12.00
# Visual Studio 15
VisualStudioVersion = 15.0.28307.1082
MinimumVisualStudioVersion = 10.0.40219.1
Project("{FAE04EC0-301F-11D3-BF4B-00C04F79EFBC}") = "AssignSecurityRoleToTeam", "AssociateSecurityRoleToTeam\AssignSecurityRoleToTeam.csproj", "{8C71D481-C42A-4790-872D-8E218007688B}"
EndProject
Global
	GlobalSection(SolutionConfigurationPlatforms) = preSolution
		Debug|Any CPU = Debug|Any CPU
		Release|Any CPU = Release|Any CPU
	EndGlobalSection
	GlobalSection(ProjectConfigurationPlatforms) = postSolution
		{8C71D481-C42A-4790-872D-8E218007688B}.Debug|Any CPU.ActiveCfg = Debug|Any CPU
		{8C71D481-C42A-4790-872D-8E218007688B}.Debug|Any CPU.Build.0 = Debug|Any CPU
		{8C71D481-C42A-4790-872D-8E218007688B}.Release|Any CPU.ActiveCfg = Release|Any CPU
		{8C71D481-C42A-4790-872D-8E218007688B}.Release|Any CPU.Build.0 = Release|Any CPU
	EndGlobalSection
	GlobalSection(SolutionProperties) = preSolution
		HideSolutionNode = FALSE
	EndGlobalSection
	GlobalSection(ExtensibilityGlobals) = postSolution
		SolutionGuid = {D645757C-53B7-4EC6-87F9-061CEEEEDDF5}
	EndGlobalSection
EndGlobal
