
Microsoft Visual Studio Solution File, Format Version 12.00
# Visual Studio 15
VisualStudioVersion = 15.0.27428.2043
MinimumVisualStudioVersion = 10.0.40219.1
Project("{FAE04EC0-301F-11D3-BF4B-00C04F79EFBC}") = "PromoteEmail", "PromoteEmail\PromoteEmail.csproj", "{39FCA57F-0DF2-4567-81C6-7FF0F4D6626E}"
EndProject
Global
	GlobalSection(SolutionConfigurationPlatforms) = preSolution
		Debug|Any CPU = Debug|Any CPU
		Release|Any CPU = Release|Any CPU
	EndGlobalSection
	GlobalSection(ProjectConfigurationPlatforms) = postSolution
		{39FCA57F-0DF2-4567-81C6-7FF0F4D6626E}.Debug|Any CPU.ActiveCfg = Debug|Any CPU
		{39FCA57F-0DF2-4567-81C6-7FF0F4D6626E}.Debug|Any CPU.Build.0 = Debug|Any CPU
		{39FCA57F-0DF2-4567-81C6-7FF0F4D6626E}.Release|Any CPU.ActiveCfg = Release|Any CPU
		{39FCA57F-0DF2-4567-81C6-7FF0F4D6626E}.Release|Any CPU.Build.0 = Release|Any CPU
	EndGlobalSection
	GlobalSection(SolutionProperties) = preSolution
		HideSolutionNode = FALSE
	EndGlobalSection
	GlobalSection(ExtensibilityGlobals) = postSolution
		SolutionGuid = {78DA2A47-17A8-4663-B72C-A06FD9A1BC5E}
	EndGlobalSection
EndGlobal
