
Microsoft Visual Studio Solution File, Format Version 12.00
# Visual Studio 15
VisualStudioVersion = 15.0.27428.2043
MinimumVisualStudioVersion = 10.0.40219.1
Project("{FAE04EC0-301F-11D3-BF4B-00C04F79EFBC}") = "ShareRecordsUsingGA", "ShareRecordsUsingGA\ShareRecordsUsingGA.csproj", "{9C6A6E98-799D-4F59-8992-3478EFEB2EDF}"
EndProject
Global
	GlobalSection(SolutionConfigurationPlatforms) = preSolution
		Debug|Any CPU = Debug|Any CPU
		Release|Any CPU = Release|Any CPU
	EndGlobalSection
	GlobalSection(ProjectConfigurationPlatforms) = postSolution
		{9C6A6E98-799D-4F59-8992-3478EFEB2EDF}.Debug|Any CPU.ActiveCfg = Debug|Any CPU
		{9C6A6E98-799D-4F59-8992-3478EFEB2EDF}.Debug|Any CPU.Build.0 = Debug|Any CPU
		{9C6A6E98-799D-4F59-8992-3478EFEB2EDF}.Release|Any CPU.ActiveCfg = Release|Any CPU
		{9C6A6E98-799D-4F59-8992-3478EFEB2EDF}.Release|Any CPU.Build.0 = Release|Any CPU
	EndGlobalSection
	GlobalSection(SolutionProperties) = preSolution
		HideSolutionNode = FALSE
	EndGlobalSection
	GlobalSection(ExtensibilityGlobals) = postSolution
		SolutionGuid = {2E94C9A7-6748-4597-A147-B7A628AF8E7E}
	EndGlobalSection
EndGlobal
