
Microsoft Visual Studio Solution File, Format Version 12.00
# Visual Studio Version 16
VisualStudioVersion = 16.0.30225.117
MinimumVisualStudioVersion = 10.0.40219.1
Project("{FAE04EC0-301F-11D3-BF4B-00C04F79EFBC}") = "QueryData", "QueryData.csproj", "{D5C4C65C-1F02-4C06-BCB0-7C514018EE2A}"
EndProject
Project("{FAE04EC0-301F-11D3-BF4B-00C04F79EFBC}") = "CDSWebApiService", "..\CDSWebApiService\CDSWebApiService.csproj", "{E8C225D3-F15A-417C-AA4A-9114C0F2BDF4}"
EndProject
Global
	GlobalSection(SolutionConfigurationPlatforms) = preSolution
		Debug|Any CPU = Debug|Any CPU
		Release|Any CPU = Release|Any CPU
	EndGlobalSection
	GlobalSection(ProjectConfigurationPlatforms) = postSolution
		{D5C4C65C-1F02-4C06-BCB0-7C514018EE2A}.Debug|Any CPU.ActiveCfg = Debug|Any CPU
		{D5C4C65C-1F02-4C06-BCB0-7C514018EE2A}.Debug|Any CPU.Build.0 = Debug|Any CPU
		{D5C4C65C-1F02-4C06-BCB0-7C514018EE2A}.Release|Any CPU.ActiveCfg = Release|Any CPU
		{D5C4C65C-1F02-4C06-BCB0-7C514018EE2A}.Release|Any CPU.Build.0 = Release|Any CPU
		{E8C225D3-F15A-417C-AA4A-9114C0F2BDF4}.Debug|Any CPU.ActiveCfg = Debug|Any CPU
		{E8C225D3-F15A-417C-AA4A-9114C0F2BDF4}.Debug|Any CPU.Build.0 = Debug|Any CPU
		{E8C225D3-F15A-417C-AA4A-9114C0F2BDF4}.Release|Any CPU.ActiveCfg = Release|Any CPU
		{E8C225D3-F15A-417C-AA4A-9114C0F2BDF4}.Release|Any CPU.Build.0 = Release|Any CPU
	EndGlobalSection
	GlobalSection(SolutionProperties) = preSolution
		HideSolutionNode = FALSE
	EndGlobalSection
	GlobalSection(ExtensibilityGlobals) = postSolution
		SolutionGuid = {D2D6F2F6-B2DD-4692-A823-8C37708EAA20}
	EndGlobalSection
EndGlobal
