
Microsoft Visual Studio Solution File, Format Version 12.00
# Visual Studio Version 16
VisualStudioVersion = 16.0.31702.278
MinimumVisualStudioVersion = 10.0.40219.1
Project("{FAE04EC0-301F-11D3-BF4B-00C04F79EFBC}") = "QuickStart", "QuickStart.csproj", "{093C680E-9FF9-4DD6-BD6C-FF28130FD595}"
EndProject
Global
	GlobalSection(SolutionConfigurationPlatforms) = preSolution
		Debug|Any CPU = Debug|Any CPU
		Release|Any CPU = Release|Any CPU
	EndGlobalSection
	GlobalSection(ProjectConfigurationPlatforms) = postSolution
		{093C680E-9FF9-4DD6-BD6C-FF28130FD595}.Debug|Any CPU.ActiveCfg = Debug|Any CPU
		{093C680E-9FF9-4DD6-BD6C-FF28130FD595}.Debug|Any CPU.Build.0 = Debug|Any CPU
		{093C680E-9FF9-4DD6-BD6C-FF28130FD595}.Release|Any CPU.ActiveCfg = Release|Any CPU
		{093C680E-9FF9-4DD6-BD6C-FF28130FD595}.Release|Any CPU.Build.0 = Release|Any CPU
	EndGlobalSection
	GlobalSection(SolutionProperties) = preSolution
		HideSolutionNode = FALSE
	EndGlobalSection
	GlobalSection(ExtensibilityGlobals) = postSolution
		SolutionGuid = {B884B35A-E897-473E-A9DE-AA21C60FCDA2}
	EndGlobalSection
EndGlobal
