
Microsoft Visual Studio Solution File, Format Version 12.00
# Visual Studio 15
VisualStudioVersion = 15.0.28307.960
MinimumVisualStudioVersion = 10.0.40219.1
Project("{FAE04EC0-301F-11D3-BF4B-00C04F79EFBC}") = "Workflow", "Workflow\Workflow.csproj", "{408B6243-CDEA-4F81-831B-997E8F4E00F6}"
EndProject
Global
	GlobalSection(SolutionConfigurationPlatforms) = preSolution
		Debug|Any CPU = Debug|Any CPU
		Release|Any CPU = Release|Any CPU
	EndGlobalSection
	GlobalSection(ProjectConfigurationPlatforms) = postSolution
		{408B6243-CDEA-4F81-831B-997E8F4E00F6}.Debug|Any CPU.ActiveCfg = Debug|Any CPU
		{408B6243-CDEA-4F81-831B-997E8F4E00F6}.Debug|Any CPU.Build.0 = Debug|Any CPU
		{408B6243-CDEA-4F81-831B-997E8F4E00F6}.Release|Any CPU.ActiveCfg = Release|Any CPU
		{408B6243-CDEA-4F81-831B-997E8F4E00F6}.Release|Any CPU.Build.0 = Release|Any CPU
	EndGlobalSection
	GlobalSection(SolutionProperties) = preSolution
		HideSolutionNode = FALSE
	EndGlobalSection
	GlobalSection(ExtensibilityGlobals) = postSolution
		SolutionGuid = {7F60431D-D244-4268-A7BF-EBB7541FB430}
	EndGlobalSection
EndGlobal
