
Microsoft Visual Studio Solution File, Format Version 12.00
# Visual Studio Version 17
VisualStudioVersion = 17.5.33530.505
MinimumVisualStudioVersion = 10.0.40219.1
Project("{FAE04EC0-301F-11D3-BF4B-00C04F79EFBC}") = "ExportDataUsingFetchXmlToAnnotation", "ExportDataUsingFetchXmlToAnnotation\ExportDataUsingFetchXmlToAnnotation.csproj", "{098897AF-38E0-4BEF-9883-A1D67CDB6B2F}"
EndProject
Project("{2150E333-8FDC-42A3-9474-1A3956D46DE8}") = "Solution Items", "Solution Items", "{27EF279C-7AFF-44A7-8DA1-F27431A35DEA}"
	ProjectSection(SolutionItems) = preProject
		ExportDataUsingFetchXmlToAnnotation_1_0_0_0_managed.zip = ExportDataUsingFetchXmlToAnnotation_1_0_0_0_managed.zip
		README.md = README.md
	EndProjectSection
EndProject
Global
	GlobalSection(SolutionConfigurationPlatforms) = preSolution
		Debug|Any CPU = Debug|Any CPU
		Release|Any CPU = Release|Any CPU
	EndGlobalSection
	GlobalSection(ProjectConfigurationPlatforms) = postSolution
		{098897AF-38E0-4BEF-9883-A1D67CDB6B2F}.Debug|Any CPU.ActiveCfg = Debug|Any CPU
		{098897AF-38E0-4BEF-9883-A1D67CDB6B2F}.Debug|Any CPU.Build.0 = Debug|Any CPU
		{098897AF-38E0-4BEF-9883-A1D67CDB6B2F}.Release|Any CPU.ActiveCfg = Release|Any CPU
		{098897AF-38E0-4BEF-9883-A1D67CDB6B2F}.Release|Any CPU.Build.0 = Release|Any CPU
	EndGlobalSection
	GlobalSection(SolutionProperties) = preSolution
		HideSolutionNode = FALSE
	EndGlobalSection
	GlobalSection(ExtensibilityGlobals) = postSolution
		SolutionGuid = {8AA3EA56-D802-433B-A29D-D810C5CC5175}
	EndGlobalSection
EndGlobal
