
Microsoft Visual Studio Solution File, Format Version 12.00
# Visual Studio Version 16
VisualStudioVersion = 16.0.29509.3
MinimumVisualStudioVersion = 10.0.40219.1
Project("{FAE04EC0-301F-11D3-BF4B-00C04F79EFBC}") = "UpdateConnectionRole", "UpdateConnectionRole\UpdateConnectionRole.csproj", "{8FD287EC-19A1-472D-9F6A-E4EAEA5423C2}"
EndProject
Global
	GlobalSection(SolutionConfigurationPlatforms) = preSolution
		Debug|Any CPU = Debug|Any CPU
		Release|Any CPU = Release|Any CPU
	EndGlobalSection
	GlobalSection(ProjectConfigurationPlatforms) = postSolution
		{8FD287EC-19A1-472D-9F6A-E4EAEA5423C2}.Debug|Any CPU.ActiveCfg = Debug|Any CPU
		{8FD287EC-19A1-472D-9F6A-E4EAEA5423C2}.Debug|Any CPU.Build.0 = Debug|Any CPU
		{8FD287EC-19A1-472D-9F6A-E4EAEA5423C2}.Release|Any CPU.ActiveCfg = Release|Any CPU
		{8FD287EC-19A1-472D-9F6A-E4EAEA5423C2}.Release|Any CPU.Build.0 = Release|Any CPU
	EndGlobalSection
	GlobalSection(SolutionProperties) = preSolution
		HideSolutionNode = FALSE
	EndGlobalSection
	GlobalSection(ExtensibilityGlobals) = postSolution
		SolutionGuid = {B9BBED01-9E3C-486F-8DB5-FB1D6BBB3EF0}
	EndGlobalSection
EndGlobal
