
Microsoft Visual Studio Solution File, Format Version 12.00
# Visual Studio 15
VisualStudioVersion = 15.0.27428.2043
MinimumVisualStudioVersion = 10.0.40219.1
Project("{FAE04EC0-301F-11D3-BF4B-00C04F79EFBC}") = "QueryData", "QueryData\QueryData.csproj", "{F9BC422E-FC5C-4380-B9A1-C033D6C7AE48}"
EndProject
Global
	GlobalSection(SolutionConfigurationPlatforms) = preSolution
		Debug|Any CPU = Debug|Any CPU
		Release|Any CPU = Release|Any CPU
	EndGlobalSection
	GlobalSection(ProjectConfigurationPlatforms) = postSolution
		{F9BC422E-FC5C-4380-B9A1-C033D6C7AE48}.Debug|Any CPU.ActiveCfg = Debug|Any CPU
		{F9BC422E-FC5C-4380-B9A1-C033D6C7AE48}.Debug|Any CPU.Build.0 = Debug|Any CPU
		{F9BC422E-FC5C-4380-B9A1-C033D6C7AE48}.Release|Any CPU.ActiveCfg = Release|Any CPU
		{F9BC422E-FC5C-4380-B9A1-C033D6C7AE48}.Release|Any CPU.Build.0 = Release|Any CPU
	EndGlobalSection
	GlobalSection(SolutionProperties) = preSolution
		HideSolutionNode = FALSE
	EndGlobalSection
	GlobalSection(ExtensibilityGlobals) = postSolution
		SolutionGuid = {C6C1D4B7-0978-489A-903C-AC3B3F16B358}
	EndGlobalSection
EndGlobal
