
Microsoft Visual Studio Solution File, Format Version 12.00
# Visual Studio 15
VisualStudioVersion = 15.0.27428.2043
MinimumVisualStudioVersion = 10.0.40219.1
Project("{FAE04EC0-301F-11D3-BF4B-00C04F79EFBC}") = "OverrideGoalTotal", "OverrideGoalTotal\OverrideGoalTotal.csproj", "{66BC100B-5B20-4E83-82FA-9A6CC4C8A1C8}"
EndProject
Global
	GlobalSection(SolutionConfigurationPlatforms) = preSolution
		Debug|Any CPU = Debug|Any CPU
		Release|Any CPU = Release|Any CPU
	EndGlobalSection
	GlobalSection(ProjectConfigurationPlatforms) = postSolution
		{66BC100B-5B20-4E83-82FA-9A6CC4C8A1C8}.Debug|Any CPU.ActiveCfg = Debug|Any CPU
		{66BC100B-5B20-4E83-82FA-9A6CC4C8A1C8}.Debug|Any CPU.Build.0 = Debug|Any CPU
		{66BC100B-5B20-4E83-82FA-9A6CC4C8A1C8}.Release|Any CPU.ActiveCfg = Release|Any CPU
		{66BC100B-5B20-4E83-82FA-9A6CC4C8A1C8}.Release|Any CPU.Build.0 = Release|Any CPU
	EndGlobalSection
	GlobalSection(SolutionProperties) = preSolution
		HideSolutionNode = FALSE
	EndGlobalSection
	GlobalSection(ExtensibilityGlobals) = postSolution
		SolutionGuid = {8DDE7BED-0F80-42FC-B4EB-196F8C3CEAB5}
	EndGlobalSection
EndGlobal
