
Microsoft Visual Studio Solution File, Format Version 12.00
# Visual Studio Version 16
VisualStudioVersion = 16.0.31911.196
MinimumVisualStudioVersion = 10.0.40219.1
Project("{FAE04EC0-301F-11D3-BF4B-00C04F79EFBC}") = "SendEmail", "SendEmail\SendEmail.csproj", "{B20078C0-C80D-45E1-A0BD-3700573ABC6C}"
EndProject
Global
	GlobalSection(SolutionConfigurationPlatforms) = preSolution
		Debug|Any CPU = Debug|Any CPU
		Release|Any CPU = Release|Any CPU
	EndGlobalSection
	GlobalSection(ProjectConfigurationPlatforms) = postSolution
		{B20078C0-C80D-45E1-A0BD-3700573ABC6C}.Debug|Any CPU.ActiveCfg = Debug|Any CPU
		{B20078C0-C80D-45E1-A0BD-3700573ABC6C}.Debug|Any CPU.Build.0 = Debug|Any CPU
		{B20078C0-C80D-45E1-A0BD-3700573ABC6C}.Release|Any CPU.ActiveCfg = Release|Any CPU
		{B20078C0-C80D-45E1-A0BD-3700573ABC6C}.Release|Any CPU.Build.0 = Release|Any CPU
	EndGlobalSection
	GlobalSection(SolutionProperties) = preSolution
		HideSolutionNode = FALSE
	EndGlobalSection
	GlobalSection(ExtensibilityGlobals) = postSolution
		SolutionGuid = {C0330B7D-9436-4D06-9B46-A738C543BF15}
	EndGlobalSection
EndGlobal
