
Microsoft Visual Studio Solution File, Format Version 12.00
# Visual Studio Version 16
VisualStudioVersion = 16.0.29509.3
MinimumVisualStudioVersion = 10.0.40219.1
Project("{FAE04EC0-301F-11D3-BF4B-00C04F79EFBC}") = "UseOutlookMethods", "UseOutlookMethods\UseOutlookMethods.csproj", "{443F03EE-A47B-4CF8-A7EA-B6AFD4D66D39}"
EndProject
Global
	GlobalSection(SolutionConfigurationPlatforms) = preSolution
		Debug|Any CPU = Debug|Any CPU
		Release|Any CPU = Release|Any CPU
	EndGlobalSection
	GlobalSection(ProjectConfigurationPlatforms) = postSolution
		{443F03EE-A47B-4CF8-A7EA-B6AFD4D66D39}.Debug|Any CPU.ActiveCfg = Debug|Any CPU
		{443F03EE-A47B-4CF8-A7EA-B6AFD4D66D39}.Debug|Any CPU.Build.0 = Debug|Any CPU
		{443F03EE-A47B-4CF8-A7EA-B6AFD4D66D39}.Release|Any CPU.ActiveCfg = Release|Any CPU
		{443F03EE-A47B-4CF8-A7EA-B6AFD4D66D39}.Release|Any CPU.Build.0 = Release|Any CPU
	EndGlobalSection
	GlobalSection(SolutionProperties) = preSolution
		HideSolutionNode = FALSE
	EndGlobalSection
	GlobalSection(ExtensibilityGlobals) = postSolution
		SolutionGuid = {5CC73A9C-920A-4DA1-AEC2-EDF84DADFF03}
	EndGlobalSection
EndGlobal
