
Microsoft Visual Studio Solution File, Format Version 12.00
# Visual Studio Version 16
VisualStudioVersion = 16.0.29509.3
MinimumVisualStudioVersion = 10.0.40219.1
Project("{FAE04EC0-301F-11D3-BF4B-00C04F79EFBC}") = "CreateUpdateEmailableEntity", "CreateUpdateEmailableEntity\CreateUpdateEmailableEntity.csproj", "{6AB1CBF9-0AF1-4412-82DA-1EB8FCE565B3}"
EndProject
Global
	GlobalSection(SolutionConfigurationPlatforms) = preSolution
		Debug|Any CPU = Debug|Any CPU
		Release|Any CPU = Release|Any CPU
	EndGlobalSection
	GlobalSection(ProjectConfigurationPlatforms) = postSolution
		{6AB1CBF9-0AF1-4412-82DA-1EB8FCE565B3}.Debug|Any CPU.ActiveCfg = Debug|Any CPU
		{6AB1CBF9-0AF1-4412-82DA-1EB8FCE565B3}.Debug|Any CPU.Build.0 = Debug|Any CPU
		{6AB1CBF9-0AF1-4412-82DA-1EB8FCE565B3}.Release|Any CPU.ActiveCfg = Release|Any CPU
		{6AB1CBF9-0AF1-4412-82DA-1EB8FCE565B3}.Release|Any CPU.Build.0 = Release|Any CPU
	EndGlobalSection
	GlobalSection(SolutionProperties) = preSolution
		HideSolutionNode = FALSE
	EndGlobalSection
	GlobalSection(ExtensibilityGlobals) = postSolution
		SolutionGuid = {85140369-CE04-4270-878B-529401E342E4}
	EndGlobalSection
EndGlobal
