
Microsoft Visual Studio Solution File, Format Version 12.00
# Visual Studio 15
VisualStudioVersion = 15.0.27428.2043
MinimumVisualStudioVersion = 10.0.40219.1
Project("{FAE04EC0-301F-11D3-BF4B-00C04F79EFBC}") = "RetrieveMultipleUsingQueryExpression", "ConsoleApp1\RetrieveMultipleUsingQueryExpression.csproj", "{AB06BC84-346D-4B06-AB2B-D5554D1F412F}"
EndProject
Global
	GlobalSection(SolutionConfigurationPlatforms) = preSolution
		Debug|Any CPU = Debug|Any CPU
		Release|Any CPU = Release|Any CPU
	EndGlobalSection
	GlobalSection(ProjectConfigurationPlatforms) = postSolution
		{AB06BC84-346D-4B06-AB2B-D5554D1F412F}.Debug|Any CPU.ActiveCfg = Debug|Any CPU
		{AB06BC84-346D-4B06-AB2B-D5554D1F412F}.Debug|Any CPU.Build.0 = Debug|Any CPU
		{AB06BC84-346D-4B06-AB2B-D5554D1F412F}.Release|Any CPU.ActiveCfg = Release|Any CPU
		{AB06BC84-346D-4B06-AB2B-D5554D1F412F}.Release|Any CPU.Build.0 = Release|Any CPU
	EndGlobalSection
	GlobalSection(SolutionProperties) = preSolution
		HideSolutionNode = FALSE
	EndGlobalSection
	GlobalSection(ExtensibilityGlobals) = postSolution
		SolutionGuid = {D66D7803-AE09-484A-89E1-6E4418292473}
	EndGlobalSection
EndGlobal
