
Microsoft Visual Studio Solution File, Format Version 12.00
# Visual Studio 15
VisualStudioVersion = 15.0.27428.2043
MinimumVisualStudioVersion = 10.0.40219.1
Project("{FAE04EC0-301F-11D3-BF4B-00C04F79EFBC}") = "UseAggregationInFetchXML", "UseAggregationInFetchXML\UseAggregationInFetchXML.csproj", "{F38163EB-5871-47E7-8470-B83E58174589}"
EndProject
Global
	GlobalSection(SolutionConfigurationPlatforms) = preSolution
		Debug|Any CPU = Debug|Any CPU
		Release|Any CPU = Release|Any CPU
	EndGlobalSection
	GlobalSection(ProjectConfigurationPlatforms) = postSolution
		{F38163EB-5871-47E7-8470-B83E58174589}.Debug|Any CPU.ActiveCfg = Debug|Any CPU
		{F38163EB-5871-47E7-8470-B83E58174589}.Debug|Any CPU.Build.0 = Debug|Any CPU
		{F38163EB-5871-47E7-8470-B83E58174589}.Release|Any CPU.ActiveCfg = Release|Any CPU
		{F38163EB-5871-47E7-8470-B83E58174589}.Release|Any CPU.Build.0 = Release|Any CPU
	EndGlobalSection
	GlobalSection(SolutionProperties) = preSolution
		HideSolutionNode = FALSE
	EndGlobalSection
	GlobalSection(ExtensibilityGlobals) = postSolution
		SolutionGuid = {74DEFFE9-559C-4384-8DC6-E32A4454F820}
	EndGlobalSection
EndGlobal
