
Microsoft Visual Studio Solution File, Format Version 12.00
# Visual Studio 14
VisualStudioVersion = 14.0.24720.0
MinimumVisualStudioVersion = 10.0.40219.1
Project("{E24C65DC-7377-472B-9ABA-BC803B73C61A}") = "sample_", "sample_\", "{A5023D0C-138C-4B9D-B884-D8C5C9F5B3C7}"
	ProjectSection(WebsiteProperties) = preProject
		TargetFrameworkMoniker = ".NETFramework,Version%3Dv4.0"
		Debug.AspNetCompiler.VirtualPath = "/localhost_1469"
		Debug.AspNetCompiler.PhysicalPath = "sample_\"
		Debug.AspNetCompiler.TargetPath = "PrecompiledWeb\localhost_1469\"
		Debug.AspNetCompiler.Updateable = "true"
		Debug.AspNetCompiler.ForceOverwrite = "true"
		Debug.AspNetCompiler.FixedNames = "false"
		Debug.AspNetCompiler.Debug = "True"
		Release.AspNetCompiler.VirtualPath = "/localhost_1469"
		Release.AspNetCompiler.PhysicalPath = "sample_\"
		Release.AspNetCompiler.TargetPath = "PrecompiledWeb\localhost_1469\"
		Release.AspNetCompiler.Updateable = "true"
		Release.AspNetCompiler.ForceOverwrite = "true"
		Release.AspNetCompiler.FixedNames = "false"
		Release.AspNetCompiler.Debug = "False"
		VWDPort = "1469"
		SlnRelativePath = "sample_\"
	EndProjectSection
EndProject
Global
	GlobalSection(SolutionConfigurationPlatforms) = preSolution
		Debug|Any CPU = Debug|Any CPU
	EndGlobalSection
	GlobalSection(ProjectConfigurationPlatforms) = postSolution
		{A5023D0C-138C-4B9D-B884-D8C5C9F5B3C7}.Debug|Any CPU.ActiveCfg = Debug|Any CPU
		{A5023D0C-138C-4B9D-B884-D8C5C9F5B3C7}.Debug|Any CPU.Build.0 = Debug|Any CPU
	EndGlobalSection
	GlobalSection(SolutionProperties) = preSolution
		HideSolutionNode = FALSE
	EndGlobalSection
EndGlobal
