
Microsoft Visual Studio Solution File, Format Version 12.00
# Visual Studio 15
VisualStudioVersion = 15.0.27428.2043
MinimumVisualStudioVersion = 10.0.40219.1
Project("{FAE04EC0-301F-11D3-BF4B-00C04F79EFBC}") = "EnableFieldSecurity", "EnableFieldSecurity\EnableFieldSecurity.csproj", "{4866662E-6F02-47E9-B1C7-A716DB0FF7B5}"
EndProject
Global
	GlobalSection(SolutionConfigurationPlatforms) = preSolution
		Debug|Any CPU = Debug|Any CPU
		Release|Any CPU = Release|Any CPU
	EndGlobalSection
	GlobalSection(ProjectConfigurationPlatforms) = postSolution
		{4866662E-6F02-47E9-B1C7-A716DB0FF7B5}.Debug|Any CPU.ActiveCfg = Debug|Any CPU
		{4866662E-6F02-47E9-B1C7-A716DB0FF7B5}.Debug|Any CPU.Build.0 = Debug|Any CPU
		{4866662E-6F02-47E9-B1C7-A716DB0FF7B5}.Release|Any CPU.ActiveCfg = Release|Any CPU
		{4866662E-6F02-47E9-B1C7-A716DB0FF7B5}.Release|Any CPU.Build.0 = Release|Any CPU
	EndGlobalSection
	GlobalSection(SolutionProperties) = preSolution
		HideSolutionNode = FALSE
	EndGlobalSection
	GlobalSection(ExtensibilityGlobals) = postSolution
		SolutionGuid = {A37B67D7-0495-4808-9B09-F068F4D1996C}
	EndGlobalSection
EndGlobal
